<?xml version="1.0" encoding="utf-8"?>
<Project ToolsVersion="4.0" xmlns="http://schemas.microsoft.com/developer/msbuild/2003">
  <ItemGroup>
    <Filter Include="Source Files">
      <UniqueIdentifier>{4FC737F1-C7A5-4376-A066-2A32D752A2FF}</UniqueIdentifier>
      <Extensions>cpp;c;cc;cxx;def;odl;idl;hpj;bat;asm;asmx</Extensions>
    </Filter>
    <Filter Include="Header Files">
      <UniqueIdentifier>{93995380-89BD-4b04-88EB-625FBE52EBFB}</UniqueIdentifier>
      <Extensions>h;hh;hpp;hxx;hm;inl;inc;xsd</Extensions>
    </Filter>
    <Filter Include="Resource Files">
      <UniqueIdentifier>{67DA6AB6-F800-4c08-8B7A-83BB121AAD01}</UniqueIdentifier>
      <Extensions>rc;ico;cur;bmp;dlg;rc2;rct;bin;rgs;gif;jpg;jpeg;jpe;resx;tiff;tif;png;wav;mfcribbon-ms</Extensions>
    </Filter>
    <Filter Include="Header Files\Graphics">
      <UniqueIdentifier>{05c551ee-fc33-4ffa-8cbc-28c0c997d120}</UniqueIdentifier>
    </Filter>
    <Filter Include="Header Files\Camera">
      <UniqueIdentifier>{ab50769e-cb42-46c9-9554-d2312c41815b}</UniqueIdentifier>
    </Filter>
    <Filter Include="Source Files\Graphics">
      <UniqueIdentifier>{75f52dd6-3256-4c27-8fe7-6ead3528d0ed}</UniqueIdentifier>
    </Filter>
    <Filter Include="Header Files\Shaders">
      <UniqueIdentifier>{1d3c300f-d2cb-45b8-bdcd-4da3f582cc28}</UniqueIdentifier>
    </Filter>
    <Filter Include="Source Files\Camera">
      <UniqueIdentifier>{bf89820d-7ef5-4f39-bfc9-42cf2285d0b6}</UniqueIdentifier>
    </Filter>
    <Filter Include="Source Files\Device">
      <UniqueIdentifier>{bd4ba9a9-64e0-44c7-9ac6-08df7824894a}</UniqueIdentifier>
    </Filter>
    <Filter Include="Header Files\Device">
      <UniqueIdentifier>{c7b67310-e482-448d-b167-000a9fcc08a1}</UniqueIdentifier>
    </Filter>
    <Filter Include="Header Files\Managers">
      <UniqueIdentifier>{730bc748-f630-4323-b456-70e55674be23}</UniqueIdentifier>
    </Filter>
    <Filter Include="Source Files\Managers">
      <UniqueIdentifier>{b7e93599-210e-4faa-8fe7-1a4c69e4b62b}</UniqueIdentifier>
    </Filter>
    <Filter Include="Libraries">
      <UniqueIdentifier>{602f06a8-d9d5-45ea-b4fc-fd8d1e01c39b}</UniqueIdentifier>
    </Filter>
    <Filter Include="Source Files\Input">
      <UniqueIdentifier>{3963d03c-5ef2-4347-bf85-b198e501bb2b}</UniqueIdentifier>
    </Filter>
    <Filter Include="Header Files\Input">
      <UniqueIdentifier>{7f2d5016-fcc0-4133-8978-fb814db93b86}</UniqueIdentifier>
    </Filter>
    <Filter Include="Source Files\System">
      <UniqueIdentifier>{6e0e7a04-6892-4d6f-be57-3536e6ef2f4c}</UniqueIdentifier>
    </Filter>
    <Filter Include="Header Files\System">
      <UniqueIdentifier>{b8c596cc-c939-433c-a18f-bc39252274a4}</UniqueIdentifier>
    </Filter>
    <Filter Include="Libraries\Assimp">
      <UniqueIdentifier>{ca2dbcb1-fab9-413b-bff3-160156aa5d46}</UniqueIdentifier>
    </Filter>
    <Filter Include="Source Files\Shaders">
      <UniqueIdentifier>{20f11d3d-11bf-4339-9476-6fbfa630a5f8}</UniqueIdentifier>
    </Filter>
    <Filter Include="Header Files\TinyXML">
      <UniqueIdentifier>{7937c2ea-1126-4dee-9c6f-3435b81a78d2}</UniqueIdentifier>
    </Filter>
    <Filter Include="Source Files\TinyXML">
      <UniqueIdentifier>{e5151bc8-017a-4107-be56-160799b03e49}</UniqueIdentifier>
    </Filter>
    <Filter Include="Resource Files\XML">
      <UniqueIdentifier>{de09e18d-c3b5-406d-a86f-f919a916f739}</UniqueIdentifier>
    </Filter>
    <Filter Include="Resource Files\Models">
      <UniqueIdentifier>{6fd9d4da-6ad0-4c95-b886-800ddb421b99}</UniqueIdentifier>
    </Filter>
    <Filter Include="Header Files\Entities">
      <UniqueIdentifier>{24c86de7-5acc-4742-9a95-b09241cffa4f}</UniqueIdentifier>
    </Filter>
    <Filter Include="Source Files\Entities">
      <UniqueIdentifier>{02060a17-fdf2-499c-901e-4e10a2599976}</UniqueIdentifier>
    </Filter>
    <Filter Include="Resource Files\Models\Buildings">
      <UniqueIdentifier>{f4f63fe3-dfec-47ea-8696-4c1f8f339c33}</UniqueIdentifier>
    </Filter>
    <Filter Include="Resource Files\Models\Objects">
      <UniqueIdentifier>{98bd6b48-ce19-4fa8-878a-af3edde2e9c9}</UniqueIdentifier>
    </Filter>
    <Filter Include="Resource Files\Models\Terrains">
      <UniqueIdentifier>{1f76c08b-e8a7-480f-a4be-6e01b3b92c5c}</UniqueIdentifier>
    </Filter>
    <Filter Include="Resource Files\Models\Vehicles">
      <UniqueIdentifier>{4c9dd2e7-25fb-4ed0-9362-9de8e3ba5050}</UniqueIdentifier>
    </Filter>
    <Filter Include="Resource Files\Models\Water">
      <UniqueIdentifier>{57bae9bb-113e-45c7-b30a-eda46ef725d9}</UniqueIdentifier>
    </Filter>
    <Filter Include="Resource Files\Models\Buildings\Carpet Barn">
      <UniqueIdentifier>{4661026e-8c59-4d5d-a5b4-323fb6e385fa}</UniqueIdentifier>
    </Filter>
    <Filter Include="Resource Files\Models\Buildings\Derelict Brick House">
      <UniqueIdentifier>{c4c693f2-3af3-45c5-ab20-b0b5191ec633}</UniqueIdentifier>
    </Filter>
    <Filter Include="Resource Files\Models\Buildings\Office Buildings">
      <UniqueIdentifier>{b57fcd66-f925-4738-8749-e70785b12705}</UniqueIdentifier>
    </Filter>
    <Filter Include="Resource Files\Models\Buildings\3 Story Flat">
      <UniqueIdentifier>{a45f0482-c7d7-49d3-af22-cef13cb047e0}</UniqueIdentifier>
    </Filter>
    <Filter Include="Resource Files\Models\Buildings\3 Story Flat\3 Story Flat.fbm">
      <UniqueIdentifier>{92a0bc36-63e6-4edb-9b78-c93a7006555b}</UniqueIdentifier>
    </Filter>
    <Filter Include="Resource Files\Models\Buildings\Carpet Barn\Carpet Barn.fbm">
      <UniqueIdentifier>{bc333ef6-ac8f-4e22-b86a-4f38d6564dab}</UniqueIdentifier>
    </Filter>
    <Filter Include="Resource Files\Models\Buildings\Derelict Brick House\derelictBrickHouse.fbm">
      <UniqueIdentifier>{3828f4c4-6348-4e15-b41e-e4fd59260bcb}</UniqueIdentifier>
    </Filter>
    <Filter Include="Resource Files\Models\Buildings\Office Buildings\Building A.fbm">
      <UniqueIdentifier>{f308c839-dcac-44b7-95a3-1c36806f06c6}</UniqueIdentifier>
    </Filter>
    <Filter Include="Resource Files\Models\Buildings\Office Buildings\Building B.fbm">
      <UniqueIdentifier>{e4a5e54f-a3cf-4f27-8519-33423b9878ae}</UniqueIdentifier>
    </Filter>
    <Filter Include="Resource Files\Models\Buildings\Office Buildings\Building C.fbm">
      <UniqueIdentifier>{f98588db-9d70-4816-8db5-e10a3c6b6368}</UniqueIdentifier>
    </Filter>
    <Filter Include="Resource Files\Models\Buildings\Office Buildings\Building E.fbm">
      <UniqueIdentifier>{dd1b4f0a-cbc6-4ff4-932d-c5bdedc1c6df}</UniqueIdentifier>
    </Filter>
    <Filter Include="Resource Files\Models\Buildings\Office Buildings\Building F.fbm">
      <UniqueIdentifier>{517deaf8-4da1-46b7-8525-e344d9be2c3c}</UniqueIdentifier>
    </Filter>
    <Filter Include="Resource Files\Models\Objects\Fences">
      <UniqueIdentifier>{42d624cc-c7cd-455e-bb06-e616aba78dc5}</UniqueIdentifier>
    </Filter>
    <Filter Include="Resource Files\Models\Objects\Trash">
      <UniqueIdentifier>{e04c7bf8-927c-46a3-a233-dff7ccb04523}</UniqueIdentifier>
    </Filter>
    <Filter Include="Resource Files\Models\Objects\Fences\Wire Fence.fbm">
      <UniqueIdentifier>{432648da-2277-49be-bd87-b0dba3bf1a13}</UniqueIdentifier>
    </Filter>
    <Filter Include="Resource Files\Models\Objects\Trash\Dumpster.fbm">
      <UniqueIdentifier>{c8a5b2a1-f955-471a-b084-9afd77884944}</UniqueIdentifier>
    </Filter>
    <Filter Include="Resource Files\Models\Terrains\Flooring">
      <UniqueIdentifier>{bf172c56-0f81-49eb-bc9f-b3828b790295}</UniqueIdentifier>
    </Filter>
    <Filter Include="Resource Files\Models\Terrains\Roads">
      <UniqueIdentifier>{773aa03b-aa18-463f-bb59-685657629298}</UniqueIdentifier>
    </Filter>
    <Filter Include="Resource Files\Models\Terrains\Soil Pile">
      <UniqueIdentifier>{77682691-c802-4821-89b8-8e4da138cc05}</UniqueIdentifier>
    </Filter>
    <Filter Include="Resource Files\Models\Terrains\Flooring\Pub Floor.fbm">
      <UniqueIdentifier>{e6a988f3-6ecc-400f-8961-98e709ac613c}</UniqueIdentifier>
    </Filter>
    <Filter Include="Resource Files\Models\Terrains\Soil Pile\Soil Pile.fbm">
      <UniqueIdentifier>{fde9a986-419d-4fb8-868e-5326853f8108}</UniqueIdentifier>
    </Filter>
    <Filter Include="Resource Files\Models\Terrains\Roads\Junction Grid.fbm">
      <UniqueIdentifier>{42af4483-ab52-4f82-9dba-5886cf708067}</UniqueIdentifier>
    </Filter>
    <Filter Include="Resource Files\Models\Terrains\Roads\Junction.fbm">
      <UniqueIdentifier>{7f63a038-d48e-4a2a-97e5-dff2d3f84ef6}</UniqueIdentifier>
    </Filter>
    <Filter Include="Resource Files\Models\Terrains\Roads\Right Turn.fbm">
      <UniqueIdentifier>{b3e01355-c012-4347-b640-77afed89de42}</UniqueIdentifier>
    </Filter>
    <Filter Include="Resource Files\Models\Terrains\Roads\Straight Grid.fbm">
      <UniqueIdentifier>{406c1d90-5540-48cc-ac7d-99e707ac37c5}</UniqueIdentifier>
    </Filter>
    <Filter Include="Resource Files\Models\Terrains\Roads\Straight.fbm">
      <UniqueIdentifier>{2606cd05-537d-4562-acbe-506c9d213234}</UniqueIdentifier>
    </Filter>
    <Filter Include="Resource Files\Models\Terrains\Roads\T Junction.fbm">
      <UniqueIdentifier>{c5ada861-3b31-442f-a145-16eaf5889954}</UniqueIdentifier>
    </Filter>
  </ItemGroup>
  <ItemGroup>
    <ClCompile Include="CModel.cpp">
      <Filter>Source Files\Entities</Filter>
    </ClCompile>
    <ClCompile Include="CGraphics.cpp">
      <Filter>Source Files\Graphics</Filter>
    </ClCompile>
    <ClCompile Include="CShader.cpp">
      <Filter>Source Files\Shaders</Filter>
    </ClCompile>
    <ClCompile Include="CCamera.cpp">
      <Filter>Source Files\Camera</Filter>
    </ClCompile>
    <ClCompile Include="CDirect3D.cpp">
      <Filter>Source Files\Device</Filter>
    </ClCompile>
    <ClCompile Include="CMesh.cpp">
      <Filter>Source Files\Entities</Filter>
    </ClCompile>
    <ClCompile Include="CEntityManager.cpp">
      <Filter>Source Files\Managers</Filter>
    </ClCompile>
    <ClCompile Include="CSystem.cpp">
      <Filter>Source Files\System</Filter>
    </ClCompile>
    <ClCompile Include="MainProgram.cpp">
      <Filter>Source Files\System</Filter>
    </ClCompile>
    <ClCompile Include="CInput.cpp">
      <Filter>Source Files\Input</Filter>
    </ClCompile>
    <ClCompile Include="tinyxml2.cpp">
      <Filter>Source Files\TinyXML</Filter>
    </ClCompile>
    <ClCompile Include="CShaderManager.cpp">
      <Filter>Source Files\Managers</Filter>
    </ClCompile>
  </ItemGroup>
  <ItemGroup>
    <ClInclude Include="CGraphics.h">
      <Filter>Header Files\Graphics</Filter>
    </ClInclude>
    <ClInclude Include="CModel.h">
      <Filter>Header Files\Entities</Filter>
    </ClInclude>
    <ClInclude Include="CShader.h">
      <Filter>Header Files\Shaders</Filter>
    </ClInclude>
    <ClInclude Include="CCamera.h">
      <Filter>Header Files\Camera</Filter>
    </ClInclude>
    <ClInclude Include="CDirect3D.h">
      <Filter>Header Files\Device</Filter>
    </ClInclude>
    <ClInclude Include="CMesh.h">
      <Filter>Header Files\Entities</Filter>
    </ClInclude>
    <ClInclude Include="CEntityManager.h">
      <Filter>Header Files\Managers</Filter>
    </ClInclude>
    <ClInclude Include="CSystem.h">
      <Filter>Header Files\System</Filter>
    </ClInclude>
    <ClInclude Include="CInput.h">
      <Filter>Header Files\Input</Filter>
    </ClInclude>
    <ClInclude Include="tinyxml2.h">
      <Filter>Header Files\TinyXML</Filter>
    </ClInclude>
    <ClInclude Include="CLight.h">
      <Filter>Header Files\Entities</Filter>
    </ClInclude>
    <ClInclude Include="CShaderManager.h">
      <Filter>Header Files\Managers</Filter>
    </ClInclude>
  </ItemGroup>
  <ItemGroup>
    <None Include="assimpd.dll">
      <Filter>Libraries\Assimp</Filter>
    </None>
    <None Include="assimpd.exp">
      <Filter>Libraries\Assimp</Filter>
    </None>
    <None Include="assimpd.ilk">
      <Filter>Libraries\Assimp</Filter>
    </None>
    <None Include="assimpd.pdb">
      <Filter>Libraries\Assimp</Filter>
    </None>
    <None Include="BasicTexturePS.hlsl">
      <Filter>Source Files\Shaders</Filter>
    </None>
    <None Include="BasicTextureVS.hlsl">
      <Filter>Source Files\Shaders</Filter>
    </None>
    <None Include="BasicAlphaTexturePS.hlsl">
      <Filter>Source Files\Shaders</Filter>
    </None>
    <None Include="Resources\Models\Buildings\3 Story Flat\3 Story Flat.fbx">
      <Filter>Resource Files\Models\Buildings\3 Story Flat</Filter>
    </None>
    <None Include="Resources\Models\Buildings\Carpet Barn\Carpet Barn.fbx">
      <Filter>Resource Files\Models\Buildings\Carpet Barn</Filter>
    </None>
    <None Include="Resources\Models\Buildings\Derelict Brick House\derelictBrickHouse.fbx">
      <Filter>Resource Files\Models\Buildings\Derelict Brick House</Filter>
    </None>
    <None Include="Resources\Models\Buildings\Office Buildings\Building A.fbx">
      <Filter>Resource Files\Models\Buildings\Office Buildings</Filter>
    </None>
    <None Include="Resources\Models\Buildings\Office Buildings\Building B.fbx">
      <Filter>Resource Files\Models\Buildings\Office Buildings</Filter>
    </None>
    <None Include="Resources\Models\Buildings\Office Buildings\Building C.fbx">
      <Filter>Resource Files\Models\Buildings\Office Buildings</Filter>
    </None>
    <None Include="Resources\Models\Buildings\Office Buildings\Building E.fbx">
      <Filter>Resource Files\Models\Buildings\Office Buildings</Filter>
    </None>
    <None Include="Resources\Models\Buildings\Office Buildings\Building F.fbx">
      <Filter>Resource Files\Models\Buildings\Office Buildings</Filter>
    </None>
    <None Include="Resources\Models\Objects\Fences\Wire Fence.fbx">
      <Filter>Resource Files\Models\Objects\Fences</Filter>
    </None>
    <None Include="Resources\Models\Objects\Trash\Dumpster.fbx">
      <Filter>Resource Files\Models\Objects\Trash</Filter>
    </None>
    <None Include="Resources\Models\Terrains\Flooring\Pub Floor.fbx">
      <Filter>Resource Files\Models\Terrains\Flooring</Filter>
    </None>
    <None Include="Resources\Models\Terrains\Soil Pile\Soil Pile.fbx">
      <Filter>Resource Files\Models\Terrains\Soil Pile</Filter>
    </None>
    <None Include="Resources\Models\Terrains\Roads\Junction Grid.fbx">
      <Filter>Resource Files\Models\Terrains\Roads</Filter>
    </None>
    <None Include="Resources\Models\Terrains\Roads\Junction.fbx">
      <Filter>Resource Files\Models\Terrains\Roads</Filter>
    </None>
    <None Include="Resources\Models\Terrains\Roads\Right Turn.fbx">
      <Filter>Resource Files\Models\Terrains\Roads</Filter>
    </None>
    <None Include="Resources\Models\Terrains\Roads\Straight Grid.fbx">
      <Filter>Resource Files\Models\Terrains\Roads</Filter>
    </None>
    <None Include="Resources\Models\Terrains\Roads\T Junction.fbx">
      <Filter>Resource Files\Models\Terrains\Roads</Filter>
    </None>
  </ItemGroup>
  <ItemGroup>
    <Library Include="assimpd.lib">
      <Filter>Libraries\Assimp</Filter>
    </Library>
  </ItemGroup>
  <ItemGroup>
    <Xml Include="Resources\XML\Default.xml">
      <Filter>Resource Files\XML</Filter>
    </Xml>
  </ItemGroup>
  <ItemGroup>
    <Image Include="Resources\Models\Buildings\3 Story Flat\3 Story Flat.fbm\EHS01_BricksLight.jpg">
      <Filter>Resource Files\Models\Buildings\3 Story Flat\3 Story Flat.fbm</Filter>
    </Image>
    <Image Include="Resources\Models\Buildings\3 Story Flat\3 Story Flat.fbm\EHS01_DoorFront.jpg">
      <Filter>Resource Files\Models\Buildings\3 Story Flat\3 Story Flat.fbm</Filter>
    </Image>
    <Image Include="Resources\Models\Buildings\3 Story Flat\3 Story Flat.fbm\EHS01_GreyPlaster.jpg">
      <Filter>Resource Files\Models\Buildings\3 Story Flat\3 Story Flat.fbm</Filter>
    </Image>
    <Image Include="Resources\Models\Buildings\3 Story Flat\3 Story Flat.fbm\EHS01_RoofTar.jpg">
      <Filter>Resource Files\Models\Buildings\3 Story Flat\3 Story Flat.fbm</Filter>
    </Image>
    <Image Include="Resources\Models\Buildings\3 Story Flat\3 Story Flat.fbm\EHS01_WallBase.jpg">
      <Filter>Resource Files\Models\Buildings\3 Story Flat\3 Story Flat.fbm</Filter>
    </Image>
    <Image Include="Resources\Models\Buildings\3 Story Flat\3 Story Flat.fbm\EHS01_WallSide.jpg">
      <Filter>Resource Files\Models\Buildings\3 Story Flat\3 Story Flat.fbm</Filter>
    </Image>
    <Image Include="Resources\Models\Buildings\3 Story Flat\3 Story Flat.fbm\EHS01_Windows.jpg">
      <Filter>Resource Files\Models\Buildings\3 Story Flat\3 Story Flat.fbm</Filter>
    </Image>
    <Image Include="Resources\Models\Buildings\Carpet Barn\Carpet Barn.fbm\Diffuse Material.jpg">
      <Filter>Resource Files\Models\Buildings\Carpet Barn\Carpet Barn.fbm</Filter>
    </Image>
    <Image Include="Resources\Models\Buildings\Carpet Barn\Carpet Barn.fbm\Normal Material.png">
      <Filter>Resource Files\Models\Buildings\Carpet Barn\Carpet Barn.fbm</Filter>
    </Image>
    <Image Include="Resources\Models\Buildings\Carpet Barn\Carpet Barn.fbm\Reflective Material.jpg">
      <Filter>Resource Files\Models\Buildings\Carpet Barn\Carpet Barn.fbm</Filter>
    </Image>
    <Image Include="Resources\Models\Buildings\Carpet Barn\Carpet Barn.fbm\Specular  Material.png">
      <Filter>Resource Files\Models\Buildings\Carpet Barn\Carpet Barn.fbm</Filter>
    </Image>
    <Image Include="Resources\Models\Buildings\Derelict Brick House\derelictBrickHouse.fbm\derelictBrickHouse.png">
      <Filter>Resource Files\Models\Buildings\Derelict Brick House\derelictBrickHouse.fbm</Filter>
    </Image>
    <Image Include="Resources\Models\Buildings\Office Buildings\Building A.fbm\K_BuildingsA_01.jpg">
      <Filter>Resource Files\Models\Buildings\Office Buildings\Building A.fbm</Filter>
    </Image>
    <Image Include="Resources\Models\Buildings\Office Buildings\Building A.fbm\K_BuildingsA_02.jpg">
      <Filter>Resource Files\Models\Buildings\Office Buildings\Building A.fbm</Filter>
    </Image>
    <Image Include="Resources\Models\Buildings\Office Buildings\Building A.fbm\K_BuildingsA_05.jpg">
      <Filter>Resource Files\Models\Buildings\Office Buildings\Building A.fbm</Filter>
    </Image>
    <Image Include="Resources\Models\Buildings\Office Buildings\Building A.fbm\K_BuildingsA_07.jpg">
      <Filter>Resource Files\Models\Buildings\Office Buildings\Building A.fbm</Filter>
    </Image>
    <Image Include="Resources\Models\Buildings\Office Buildings\Building A.fbm\K_BuildingsA_08.jpg">
      <Filter>Resource Files\Models\Buildings\Office Buildings\Building A.fbm</Filter>
    </Image>
    <Image Include="Resources\Models\Buildings\Office Buildings\Building A.fbm\K_BuildingsA_09.jpg">
      <Filter>Resource Files\Models\Buildings\Office Buildings\Building A.fbm</Filter>
    </Image>
    <Image Include="Resources\Models\Buildings\Office Buildings\Building A.fbm\K_BuildingsA_10.jpg">
      <Filter>Resource Files\Models\Buildings\Office Buildings\Building A.fbm</Filter>
    </Image>
    <Image Include="Resources\Models\Buildings\Office Buildings\Building A.fbm\K_BuildingsA_11.jpg">
      <Filter>Resource Files\Models\Buildings\Office Buildings\Building A.fbm</Filter>
    </Image>
    <Image Include="Resources\Models\Buildings\Office Buildings\Building A.fbm\K_BuildingsA_12.jpg">
      <Filter>Resource Files\Models\Buildings\Office Buildings\Building A.fbm</Filter>
    </Image>
    <Image Include="Resources\Models\Buildings\Office Buildings\Building B.fbm\K_BuildingsA_08.jpg">
      <Filter>Resource Files\Models\Buildings\Office Buildings\Building B.fbm</Filter>
    </Image>
    <Image Include="Resources\Models\Buildings\Office Buildings\Building B.fbm\K_BuildingsA_15.jpg">
      <Filter>Resource Files\Models\Buildings\Office Buildings\Building B.fbm</Filter>
    </Image>
    <Image Include="Resources\Models\Buildings\Office Buildings\Building B.fbm\K_BuildingsA_16.jpg">
      <Filter>Resource Files\Models\Buildings\Office Buildings\Building B.fbm</Filter>
    </Image>
    <Image Include="Resources\Models\Buildings\Office Buildings\Building B.fbm\K_BuildingsA_17.jpg">
      <Filter>Resource Files\Models\Buildings\Office Buildings\Building B.fbm</Filter>
    </Image>
    <Image Include="Resources\Models\Buildings\Office Buildings\Building B.fbm\K_BuildingsA_18.jpg">
      <Filter>Resource Files\Models\Buildings\Office Buildings\Building B.fbm</Filter>
    </Image>
    <Image Include="Resources\Models\Buildings\Office Buildings\Building B.fbm\K_BuildingsA_21.jpg">
      <Filter>Resource Files\Models\Buildings\Office Buildings\Building B.fbm</Filter>
    </Image>
    <Image Include="Resources\Models\Buildings\Office Buildings\Building B.fbm\K_BuildingsA_22.jpg">
      <Filter>Resource Files\Models\Buildings\Office Buildings\Building B.fbm</Filter>
    </Image>
    <Image Include="Resources\Models\Buildings\Office Buildings\Building C.fbm\K_BuildingsA_08.jpg">
      <Filter>Resource Files\Models\Buildings\Office Buildings\Building C.fbm</Filter>
    </Image>
    <Image Include="Resources\Models\Buildings\Office Buildings\Building C.fbm\K_BuildingsA_27.jpg">
      <Filter>Resource Files\Models\Buildings\Office Buildings\Building C.fbm</Filter>
    </Image>
    <Image Include="Resources\Models\Buildings\Office Buildings\Building C.fbm\K_BuildingsA_28.jpg">
      <Filter>Resource Files\Models\Buildings\Office Buildings\Building C.fbm</Filter>
    </Image>
    <Image Include="Resources\Models\Buildings\Office Buildings\Building C.fbm\K_BuildingsA_29.jpg">
      <Filter>Resource Files\Models\Buildings\Office Buildings\Building C.fbm</Filter>
    </Image>
    <Image Include="Resources\Models\Buildings\Office Buildings\Building C.fbm\K_BuildingsA_30.jpg">
      <Filter>Resource Files\Models\Buildings\Office Buildings\Building C.fbm</Filter>
    </Image>
    <Image Include="Resources\Models\Buildings\Office Buildings\Building C.fbm\K_BuildingsA_31.jpg">
      <Filter>Resource Files\Models\Buildings\Office Buildings\Building C.fbm</Filter>
    </Image>
    <Image Include="Resources\Models\Buildings\Office Buildings\Building C.fbm\K_BuildingsA_32.jpg">
      <Filter>Resource Files\Models\Buildings\Office Buildings\Building C.fbm</Filter>
    </Image>
    <Image Include="Resources\Models\Buildings\Office Buildings\Building C.fbm\K_BuildingsA_33.jpg">
      <Filter>Resource Files\Models\Buildings\Office Buildings\Building C.fbm</Filter>
    </Image>
    <Image Include="Resources\Models\Buildings\Office Buildings\Building E.fbm\K_BuildingsA_08.jpg">
      <Filter>Resource Files\Models\Buildings\Office Buildings\Building E.fbm</Filter>
    </Image>
    <Image Include="Resources\Models\Buildings\Office Buildings\Building E.fbm\K_BuildingsA_10.jpg">
      <Filter>Resource Files\Models\Buildings\Office Buildings\Building E.fbm</Filter>
    </Image>
    <Image Include="Resources\Models\Buildings\Office Buildings\Building E.fbm\K_BuildingsA_25.jpg">
      <Filter>Resource Files\Models\Buildings\Office Buildings\Building E.fbm</Filter>
    </Image>
    <Image Include="Resources\Models\Buildings\Office Buildings\Building E.fbm\K_BuildingsA_26.jpg">
      <Filter>Resource Files\Models\Buildings\Office Buildings\Building E.fbm</Filter>
    </Image>
    <Image Include="Resources\Models\Buildings\Office Buildings\Building E.fbm\K_BuildingsA_28.jpg">
      <Filter>Resource Files\Models\Buildings\Office Buildings\Building E.fbm</Filter>
    </Image>
    <Image Include="Resources\Models\Buildings\Office Buildings\Building E.fbm\K_BuildingsA_29.jpg">
      <Filter>Resource Files\Models\Buildings\Office Buildings\Building E.fbm</Filter>
    </Image>
    <Image Include="Resources\Models\Buildings\Office Buildings\Building E.fbm\K_BuildingsA_32.jpg">
      <Filter>Resource Files\Models\Buildings\Office Buildings\Building E.fbm</Filter>
    </Image>
    <Image Include="Resources\Models\Buildings\Office Buildings\Building E.fbm\K_BuildingsA_33.jpg">
      <Filter>Resource Files\Models\Buildings\Office Buildings\Building E.fbm</Filter>
    </Image>
    <Image Include="Resources\Models\Buildings\Office Buildings\Building E.fbm\K_BuildingsA_34.jpg">
      <Filter>Resource Files\Models\Buildings\Office Buildings\Building E.fbm</Filter>
    </Image>
    <Image Include="Resources\Models\Buildings\Office Buildings\Building F.fbm\K_BuildingsA_01.jpg">
      <Filter>Resource Files\Models\Buildings\Office Buildings\Building F.fbm</Filter>
    </Image>
    <Image Include="Resources\Models\Buildings\Office Buildings\Building F.fbm\K_BuildingsA_02.jpg">
      <Filter>Resource Files\Models\Buildings\Office Buildings\Building F.fbm</Filter>
    </Image>
    <Image Include="Resources\Models\Buildings\Office Buildings\Building F.fbm\K_BuildingsA_05.jpg">
      <Filter>Resource Files\Models\Buildings\Office Buildings\Building F.fbm</Filter>
    </Image>
    <Image Include="Resources\Models\Buildings\Office Buildings\Building F.fbm\K_BuildingsA_07.jpg">
      <Filter>Resource Files\Models\Buildings\Office Buildings\Building F.fbm</Filter>
    </Image>
    <Image Include="Resources\Models\Buildings\Office Buildings\Building F.fbm\K_BuildingsA_11.jpg">
      <Filter>Resource Files\Models\Buildings\Office Buildings\Building F.fbm</Filter>
    </Image>
    <Image Include="Resources\Models\Buildings\Office Buildings\Building F.fbm\K_BuildingsA_13.jpg">
      <Filter>Resource Files\Models\Buildings\Office Buildings\Building F.fbm</Filter>
    </Image>
    <Image Include="Resources\Models\Objects\Fences\Wire Fence.fbm\fence_alpha.png">
      <Filter>Resource Files\Models\Objects\Fences\Wire Fence.fbm</Filter>
    </Image>
    <Image Include="Resources\Models\Objects\Fences\Wire Fence.fbm\fence_composite01.png">
      <Filter>Resource Files\Models\Objects\Fences\Wire Fence.fbm</Filter>
    </Image>
    <Image Include="Resources\Models\Objects\Fences\Wire Fence.fbm\fence_sheet02_n.png">
      <Filter>Resource Files\Models\Objects\Fences\Wire Fence.fbm</Filter>
    </Image>
    <Image Include="Resources\Models\Objects\Trash\Dumpster.fbm\Metal_Texture_COLOR.png">
      <Filter>Resource Files\Models\Objects\Trash\Dumpster.fbm</Filter>
    </Image>
    <Image Include="Resources\Models\Objects\Trash\Dumpster.fbm\Metal_Texture_NRM.png">
      <Filter>Resource Files\Models\Objects\Trash\Dumpster.fbm</Filter>
    </Image>
    <Image Include="Resources\Models\Objects\Trash\Dumpster.fbm\Metal_Texture_SPEC.png">
      <Filter>Resource Files\Models\Objects\Trash\Dumpster.fbm</Filter>
    </Image>
    <Image Include="Resources\Models\Objects\Trash\Dumpster.fbm\Plastic_Texture_COLOR.png">
      <Filter>Resource Files\Models\Objects\Trash\Dumpster.fbm</Filter>
    </Image>
    <Image Include="Resources\Models\Objects\Trash\Dumpster.fbm\Plastic_Texture_NRM.png">
      <Filter>Resource Files\Models\Objects\Trash\Dumpster.fbm</Filter>
    </Image>
    <Image Include="Resources\Models\Objects\Trash\Dumpster.fbm\Plastic_Texture_SPEC.png">
      <Filter>Resource Files\Models\Objects\Trash\Dumpster.fbm</Filter>
    </Image>
    <Image Include="Resources\Models\Objects\Trash\Dumpster.fbm\Polished-Metal_COLOR.png">
      <Filter>Resource Files\Models\Objects\Trash\Dumpster.fbm</Filter>
    </Image>
    <Image Include="Resources\Models\Objects\Trash\Dumpster.fbm\Polished-Metal_NRM.png">
      <Filter>Resource Files\Models\Objects\Trash\Dumpster.fbm</Filter>
    </Image>
    <Image Include="Resources\Models\Objects\Trash\Dumpster.fbm\Polished-Metal_SPEC.png">
      <Filter>Resource Files\Models\Objects\Trash\Dumpster.fbm</Filter>
    </Image>
    <Image Include="Resources\Models\Terrains\Flooring\Pub Floor.fbm\Concrete.jpg">
      <Filter>Resource Files\Models\Terrains\Flooring\Pub Floor.fbm</Filter>
    </Image>
    <Image Include="Resources\Models\Terrains\Soil Pile\Soil Pile.fbm\53717b662d802b441f12a8d75f1a31f9.png">
      <Filter>Resource Files\Models\Terrains\Soil Pile\Soil Pile.fbm</Filter>
    </Image>
    <Image Include="Resources\Models\Terrains\Soil Pile\Soil Pile.fbm\Soil_Displacement.png">
      <Filter>Resource Files\Models\Terrains\Soil Pile\Soil Pile.fbm</Filter>
    </Image>
    <Image Include="Resources\Models\Terrains\Soil Pile\Soil Pile.fbm\Soil_Normal.png">
      <Filter>Resource Files\Models\Terrains\Soil Pile\Soil Pile.fbm</Filter>
    </Image>
    <Image Include="Resources\Models\Terrains\Soil Pile\Soil Pile.fbm\Soil_Specular.png">
      <Filter>Resource Files\Models\Terrains\Soil Pile\Soil Pile.fbm</Filter>
    </Image>
    <Image Include="Resources\Models\Terrains\Roads\Junction Grid.fbm\BocaTormenta.jpg">
      <Filter>Resource Files\Models\Terrains\Roads\Junction Grid.fbm</Filter>
    </Image>
    <Image Include="Resources\Models\Terrains\Roads\Junction Grid.fbm\BocaTormenta_NORMAL.png">
      <Filter>Resource Files\Models\Terrains\Roads\Junction Grid.fbm</Filter>
    </Image>
    <Image Include="Resources\Models\Terrains\Roads\Junction Grid.fbm\BocaTormenta_SPECULAR.png">
      <Filter>Resource Files\Models\Terrains\Roads\Junction Grid.fbm</Filter>
    </Image>
    <Image Include="Resources\Models\Terrains\Roads\Junction Grid.fbm\CordonMedium.jpg">
      <Filter>Resource Files\Models\Terrains\Roads\Junction Grid.fbm</Filter>
    </Image>
    <Image Include="Resources\Models\Terrains\Roads\Junction Grid.fbm\CordonTop.jpg">
      <Filter>Resource Files\Models\Terrains\Roads\Junction Grid.fbm</Filter>
    </Image>
    <Image Include="Resources\Models\Terrains\Roads\Junction Grid.fbm\CordonTop_NORMAL.png">
      <Filter>Resource Files\Models\Terrains\Roads\Junction Grid.fbm</Filter>
    </Image>
    <Image Include="Resources\Models\Terrains\Roads\Junction Grid.fbm\CordonTop_SPECULAR.png">
      <Filter>Resource Files\Models\Terrains\Roads\Junction Grid.fbm</Filter>
    </Image>
    <Image Include="Resources\Models\Terrains\Roads\Junction Grid.fbm\Roadstraight.jpg">
      <Filter>Resource Files\Models\Terrains\Roads\Junction Grid.fbm</Filter>
    </Image>
    <Image Include="Resources\Models\Terrains\Roads\Junction Grid.fbm\Roadstraight_NORMAL.png">
      <Filter>Resource Files\Models\Terrains\Roads\Junction Grid.fbm</Filter>
    </Image>
    <Image Include="Resources\Models\Terrains\Roads\Junction Grid.fbm\Roadstraight_SPECULAR.png">
      <Filter>Resource Files\Models\Terrains\Roads\Junction Grid.fbm</Filter>
    </Image>
    <Image Include="Resources\Models\Terrains\Roads\Junction Grid.fbm\RoadTexture2.jpg">
      <Filter>Resource Files\Models\Terrains\Roads\Junction Grid.fbm</Filter>
    </Image>
    <Image Include="Resources\Models\Terrains\Roads\Junction Grid.fbm\RoadTexture2_NORMAL.png">
      <Filter>Resource Files\Models\Terrains\Roads\Junction Grid.fbm</Filter>
    </Image>
    <Image Include="Resources\Models\Terrains\Roads\Junction Grid.fbm\RoadTexture2_SPECULAR.png">
      <Filter>Resource Files\Models\Terrains\Roads\Junction Grid.fbm</Filter>
    </Image>
    <Image Include="Resources\Models\Terrains\Roads\Junction Grid.fbm\RoadTexture3.jpg">
      <Filter>Resource Files\Models\Terrains\Roads\Junction Grid.fbm</Filter>
    </Image>
    <Image Include="Resources\Models\Terrains\Roads\Junction Grid.fbm\RoadTexture3_NORMAL.png">
      <Filter>Resource Files\Models\Terrains\Roads\Junction Grid.fbm</Filter>
    </Image>
    <Image Include="Resources\Models\Terrains\Roads\Junction Grid.fbm\RoadTexture3_SPECULAR.png">
      <Filter>Resource Files\Models\Terrains\Roads\Junction Grid.fbm</Filter>
    </Image>
    <Image Include="Resources\Models\Terrains\Roads\Junction Grid.fbm\Vereda.jpg">
      <Filter>Resource Files\Models\Terrains\Roads\Junction Grid.fbm</Filter>
    </Image>
    <Image Include="Resources\Models\Terrains\Roads\Junction Grid.fbm\Vereda_NORMAL.png">
      <Filter>Resource Files\Models\Terrains\Roads\Junction Grid.fbm</Filter>
    </Image>
    <Image Include="Resources\Models\Terrains\Roads\Junction Grid.fbm\Vereda_SPECULAR.png">
      <Filter>Resource Files\Models\Terrains\Roads\Junction Grid.fbm</Filter>
    </Image>
    <Image Include="Resources\Models\Terrains\Roads\Junction.fbm\CordonMedium.jpg">
      <Filter>Resource Files\Models\Terrains\Roads\Junction.fbm</Filter>
    </Image>
    <Image Include="Resources\Models\Terrains\Roads\Junction.fbm\CordonTop.jpg">
      <Filter>Resource Files\Models\Terrains\Roads\Junction.fbm</Filter>
    </Image>
    <Image Include="Resources\Models\Terrains\Roads\Junction.fbm\CordonTop_NORMAL.png">
      <Filter>Resource Files\Models\Terrains\Roads\Junction.fbm</Filter>
    </Image>
    <Image Include="Resources\Models\Terrains\Roads\Junction.fbm\CordonTop_SPECULAR.png">
      <Filter>Resource Files\Models\Terrains\Roads\Junction.fbm</Filter>
    </Image>
    <Image Include="Resources\Models\Terrains\Roads\Junction.fbm\Roadstraight.jpg">
      <Filter>Resource Files\Models\Terrains\Roads\Junction.fbm</Filter>
    </Image>
    <Image Include="Resources\Models\Terrains\Roads\Junction.fbm\Roadstraight_NORMAL.png">
      <Filter>Resource Files\Models\Terrains\Roads\Junction.fbm</Filter>
    </Image>
    <Image Include="Resources\Models\Terrains\Roads\Junction.fbm\Roadstraight_SPECULAR.png">
      <Filter>Resource Files\Models\Terrains\Roads\Junction.fbm</Filter>
    </Image>
    <Image Include="Resources\Models\Terrains\Roads\Junction.fbm\RoadTexture2.jpg">
      <Filter>Resource Files\Models\Terrains\Roads\Junction.fbm</Filter>
    </Image>
    <Image Include="Resources\Models\Terrains\Roads\Junction.fbm\RoadTexture2_NORMAL.png">
      <Filter>Resource Files\Models\Terrains\Roads\Junction.fbm</Filter>
    </Image>
    <Image Include="Resources\Models\Terrains\Roads\Junction.fbm\RoadTexture2_SPECULAR.png">
      <Filter>Resource Files\Models\Terrains\Roads\Junction.fbm</Filter>
    </Image>
    <Image Include="Resources\Models\Terrains\Roads\Junction.fbm\Vereda.jpg">
      <Filter>Resource Files\Models\Terrains\Roads\Junction.fbm</Filter>
    </Image>
    <Image Include="Resources\Models\Terrains\Roads\Junction.fbm\Vereda_NORMAL.png">
      <Filter>Resource Files\Models\Terrains\Roads\Junction.fbm</Filter>
    </Image>
    <Image Include="Resources\Models\Terrains\Roads\Junction.fbm\Vereda_SPECULAR.png">
      <Filter>Resource Files\Models\Terrains\Roads\Junction.fbm</Filter>
    </Image>
    <Image Include="Resources\Models\Terrains\Roads\T Junction.fbm\BocaTormenta.jpg">
      <Filter>Resource Files\Models\Terrains\Roads\T Junction.fbm</Filter>
    </Image>
    <Image Include="Resources\Models\Terrains\Roads\T Junction.fbm\BocaTormenta_NORMAL.png">
      <Filter>Resource Files\Models\Terrains\Roads\T Junction.fbm</Filter>
    </Image>
    <Image Include="Resources\Models\Terrains\Roads\T Junction.fbm\BocaTormenta_SPECULAR.png">
      <Filter>Resource Files\Models\Terrains\Roads\T Junction.fbm</Filter>
    </Image>
    <Image Include="Resources\Models\Terrains\Roads\T Junction.fbm\CordonMedium.jpg">
      <Filter>Resource Files\Models\Terrains\Roads\T Junction.fbm</Filter>
    </Image>
    <Image Include="Resources\Models\Terrains\Roads\T Junction.fbm\CordonTop.jpg">
      <Filter>Resource Files\Models\Terrains\Roads\T Junction.fbm</Filter>
    </Image>
    <Image Include="Resources\Models\Terrains\Roads\T Junction.fbm\CordonTop_NORMAL.png">
      <Filter>Resource Files\Models\Terrains\Roads\T Junction.fbm</Filter>
    </Image>
    <Image Include="Resources\Models\Terrains\Roads\T Junction.fbm\CordonTop_SPECULAR.png">
      <Filter>Resource Files\Models\Terrains\Roads\T Junction.fbm</Filter>
    </Image>
    <Image Include="Resources\Models\Terrains\Roads\T Junction.fbm\Roadstraight.jpg">
      <Filter>Resource Files\Models\Terrains\Roads\T Junction.fbm</Filter>
    </Image>
    <Image Include="Resources\Models\Terrains\Roads\T Junction.fbm\Roadstraight_NORMAL.png">
      <Filter>Resource Files\Models\Terrains\Roads\T Junction.fbm</Filter>
    </Image>
    <Image Include="Resources\Models\Terrains\Roads\T Junction.fbm\Roadstraight_SPECULAR.png">
      <Filter>Resource Files\Models\Terrains\Roads\T Junction.fbm</Filter>
    </Image>
    <Image Include="Resources\Models\Terrains\Roads\T Junction.fbm\RoadTexture2.jpg">
      <Filter>Resource Files\Models\Terrains\Roads\T Junction.fbm</Filter>
    </Image>
    <Image Include="Resources\Models\Terrains\Roads\T Junction.fbm\RoadTexture2_NORMAL.png">
      <Filter>Resource Files\Models\Terrains\Roads\T Junction.fbm</Filter>
    </Image>
    <Image Include="Resources\Models\Terrains\Roads\T Junction.fbm\RoadTexture2_SPECULAR.png">
      <Filter>Resource Files\Models\Terrains\Roads\T Junction.fbm</Filter>
    </Image>
    <Image Include="Resources\Models\Terrains\Roads\T Junction.fbm\RoadTexture3.jpg">
      <Filter>Resource Files\Models\Terrains\Roads\T Junction.fbm</Filter>
    </Image>
    <Image Include="Resources\Models\Terrains\Roads\T Junction.fbm\RoadTexture3_NORMAL.png">
      <Filter>Resource Files\Models\Terrains\Roads\T Junction.fbm</Filter>
    </Image>
    <Image Include="Resources\Models\Terrains\Roads\T Junction.fbm\RoadTexture3_SPECULAR.png">
      <Filter>Resource Files\Models\Terrains\Roads\T Junction.fbm</Filter>
    </Image>
    <Image Include="Resources\Models\Terrains\Roads\T Junction.fbm\Vereda.jpg">
      <Filter>Resource Files\Models\Terrains\Roads\T Junction.fbm</Filter>
    </Image>
    <Image Include="Resources\Models\Terrains\Roads\T Junction.fbm\Vereda_NORMAL.png">
      <Filter>Resource Files\Models\Terrains\Roads\T Junction.fbm</Filter>
    </Image>
    <Image Include="Resources\Models\Terrains\Roads\T Junction.fbm\Vereda_SPECULAR.png">
      <Filter>Resource Files\Models\Terrains\Roads\T Junction.fbm</Filter>
    </Image>
    <Image Include="Resources\Models\Terrains\Roads\Straight.fbm\BocaTormenta.jpg">
      <Filter>Resource Files\Models\Terrains\Roads\Straight.fbm</Filter>
    </Image>
    <Image Include="Resources\Models\Terrains\Roads\Straight.fbm\BocaTormenta_NORMAL.png">
      <Filter>Resource Files\Models\Terrains\Roads\Straight.fbm</Filter>
    </Image>
    <Image Include="Resources\Models\Terrains\Roads\Straight.fbm\BocaTormenta_SPECULAR.png">
      <Filter>Resource Files\Models\Terrains\Roads\Straight.fbm</Filter>
    </Image>
    <Image Include="Resources\Models\Terrains\Roads\Straight.fbm\CordonMedium.jpg">
      <Filter>Resource Files\Models\Terrains\Roads\Straight.fbm</Filter>
    </Image>
    <Image Include="Resources\Models\Terrains\Roads\Straight.fbm\CordonTop.jpg">
      <Filter>Resource Files\Models\Terrains\Roads\Straight.fbm</Filter>
    </Image>
    <Image Include="Resources\Models\Terrains\Roads\Straight.fbm\CordonTop_NORMAL.png">
      <Filter>Resource Files\Models\Terrains\Roads\Straight.fbm</Filter>
    </Image>
    <Image Include="Resources\Models\Terrains\Roads\Straight.fbm\CordonTop_SPECULAR.png">
      <Filter>Resource Files\Models\Terrains\Roads\Straight.fbm</Filter>
    </Image>
    <Image Include="Resources\Models\Terrains\Roads\Straight.fbm\Roadstraight.jpg">
      <Filter>Resource Files\Models\Terrains\Roads\Straight.fbm</Filter>
    </Image>
    <Image Include="Resources\Models\Terrains\Roads\Straight.fbm\Roadstraight_NORMAL.png">
      <Filter>Resource Files\Models\Terrains\Roads\Straight.fbm</Filter>
    </Image>
    <Image Include="Resources\Models\Terrains\Roads\Straight.fbm\Roadstraight_SPECULAR.png">
      <Filter>Resource Files\Models\Terrains\Roads\Straight.fbm</Filter>
    </Image>
    <Image Include="Resources\Models\Terrains\Roads\Straight.fbm\RoadTexture2.jpg">
      <Filter>Resource Files\Models\Terrains\Roads\Straight.fbm</Filter>
    </Image>
    <Image Include="Resources\Models\Terrains\Roads\Straight.fbm\RoadTexture2_NORMAL.png">
      <Filter>Resource Files\Models\Terrains\Roads\Straight.fbm</Filter>
    </Image>
    <Image Include="Resources\Models\Terrains\Roads\Straight.fbm\RoadTexture2_SPECULAR.png">
      <Filter>Resource Files\Models\Terrains\Roads\Straight.fbm</Filter>
    </Image>
    <Image Include="Resources\Models\Terrains\Roads\Straight.fbm\Vereda.jpg">
      <Filter>Resource Files\Models\Terrains\Roads\Straight.fbm</Filter>
    </Image>
    <Image Include="Resources\Models\Terrains\Roads\Straight.fbm\Vereda_NORMAL.png">
      <Filter>Resource Files\Models\Terrains\Roads\Straight.fbm</Filter>
    </Image>
    <Image Include="Resources\Models\Terrains\Roads\Straight.fbm\Vereda_SPECULAR.png">
      <Filter>Resource Files\Models\Terrains\Roads\Straight.fbm</Filter>
    </Image>
    <Image Include="Resources\Models\Terrains\Roads\Straight Grid.fbm\BocaTormenta.jpg">
      <Filter>Resource Files\Models\Terrains\Roads\Straight Grid.fbm</Filter>
    </Image>
    <Image Include="Resources\Models\Terrains\Roads\Straight Grid.fbm\BocaTormenta_NORMAL.png">
      <Filter>Resource Files\Models\Terrains\Roads\Straight Grid.fbm</Filter>
    </Image>
    <Image Include="Resources\Models\Terrains\Roads\Straight Grid.fbm\BocaTormenta_SPECULAR.png">
      <Filter>Resource Files\Models\Terrains\Roads\Straight Grid.fbm</Filter>
    </Image>
    <Image Include="Resources\Models\Terrains\Roads\Straight Grid.fbm\CordonMedium.jpg">
      <Filter>Resource Files\Models\Terrains\Roads\Straight Grid.fbm</Filter>
    </Image>
    <Image Include="Resources\Models\Terrains\Roads\Straight Grid.fbm\CordonTop.jpg">
      <Filter>Resource Files\Models\Terrains\Roads\Straight Grid.fbm</Filter>
    </Image>
    <Image Include="Resources\Models\Terrains\Roads\Straight Grid.fbm\CordonTop_NORMAL.png">
      <Filter>Resource Files\Models\Terrains\Roads\Straight Grid.fbm</Filter>
    </Image>
    <Image Include="Resources\Models\Terrains\Roads\Straight Grid.fbm\CordonTop_SPECULAR.png">
      <Filter>Resource Files\Models\Terrains\Roads\Straight Grid.fbm</Filter>
    </Image>
    <Image Include="Resources\Models\Terrains\Roads\Straight Grid.fbm\Roadstraight.jpg">
      <Filter>Resource Files\Models\Terrains\Roads\Straight Grid.fbm</Filter>
    </Image>
    <Image Include="Resources\Models\Terrains\Roads\Straight Grid.fbm\Roadstraight_NORMAL.png">
      <Filter>Resource Files\Models\Terrains\Roads\Straight Grid.fbm</Filter>
    </Image>
    <Image Include="Resources\Models\Terrains\Roads\Straight Grid.fbm\Roadstraight_SPECULAR.png">
      <Filter>Resource Files\Models\Terrains\Roads\Straight Grid.fbm</Filter>
    </Image>
    <Image Include="Resources\Models\Terrains\Roads\Straight Grid.fbm\RoadTexture2.jpg">
      <Filter>Resource Files\Models\Terrains\Roads\Straight Grid.fbm</Filter>
    </Image>
    <Image Include="Resources\Models\Terrains\Roads\Straight Grid.fbm\RoadTexture2_NORMAL.png">
      <Filter>Resource Files\Models\Terrains\Roads\Straight Grid.fbm</Filter>
    </Image>
    <Image Include="Resources\Models\Terrains\Roads\Straight Grid.fbm\RoadTexture2_SPECULAR.png">
      <Filter>Resource Files\Models\Terrains\Roads\Straight Grid.fbm</Filter>
    </Image>
    <Image Include="Resources\Models\Terrains\Roads\Straight Grid.fbm\Vereda.jpg">
      <Filter>Resource Files\Models\Terrains\Roads\Straight Grid.fbm</Filter>
    </Image>
    <Image Include="Resources\Models\Terrains\Roads\Straight Grid.fbm\Vereda_NORMAL.png">
      <Filter>Resource Files\Models\Terrains\Roads\Straight Grid.fbm</Filter>
    </Image>
    <Image Include="Resources\Models\Terrains\Roads\Straight Grid.fbm\Vereda_SPECULAR.png">
      <Filter>Resource Files\Models\Terrains\Roads\Straight Grid.fbm</Filter>
    </Image>
    <Image Include="Resources\Models\Terrains\Roads\Right Turn.fbm\CordonMedium.jpg">
      <Filter>Resource Files\Models\Terrains\Roads\Right Turn.fbm</Filter>
    </Image>
    <Image Include="Resources\Models\Terrains\Roads\Right Turn.fbm\CordonTop.jpg">
      <Filter>Resource Files\Models\Terrains\Roads\Right Turn.fbm</Filter>
    </Image>
    <Image Include="Resources\Models\Terrains\Roads\Right Turn.fbm\CordonTop_NORMAL.png">
      <Filter>Resource Files\Models\Terrains\Roads\Right Turn.fbm</Filter>
    </Image>
    <Image Include="Resources\Models\Terrains\Roads\Right Turn.fbm\CordonTop_SPECULAR.png">
      <Filter>Resource Files\Models\Terrains\Roads\Right Turn.fbm</Filter>
    </Image>
    <Image Include="Resources\Models\Terrains\Roads\Right Turn.fbm\Roadstraight.jpg">
      <Filter>Resource Files\Models\Terrains\Roads\Right Turn.fbm</Filter>
    </Image>
    <Image Include="Resources\Models\Terrains\Roads\Right Turn.fbm\Roadstraight_NORMAL.png">
      <Filter>Resource Files\Models\Terrains\Roads\Right Turn.fbm</Filter>
    </Image>
    <Image Include="Resources\Models\Terrains\Roads\Right Turn.fbm\Roadstraight_SPECULAR.png">
      <Filter>Resource Files\Models\Terrains\Roads\Right Turn.fbm</Filter>
    </Image>
    <Image Include="Resources\Models\Terrains\Roads\Right Turn.fbm\Vereda.jpg">
      <Filter>Resource Files\Models\Terrains\Roads\Right Turn.fbm</Filter>
    </Image>
    <Image Include="Resources\Models\Terrains\Roads\Right Turn.fbm\Vereda_NORMAL.png">
      <Filter>Resource Files\Models\Terrains\Roads\Right Turn.fbm</Filter>
    </Image>
    <Image Include="Resources\Models\Terrains\Roads\Right Turn.fbm\Vereda_SPECULAR.png">
      <Filter>Resource Files\Models\Terrains\Roads\Right Turn.fbm</Filter>
    </Image>
  </ItemGroup>
</Project>