<?xml version="1.0" encoding="utf-8"?>
<Project ToolsVersion="4.0" xmlns="http://schemas.microsoft.com/developer/msbuild/2003">
  <ItemGroup>
    <Filter Include="Source Files">
      <UniqueIdentifier>{4FC737F1-C7A5-4376-A066-2A32D752A2FF}</UniqueIdentifier>
      <Extensions>cpp;c;cc;cxx;def;odl;idl;hpj;bat;asm;asmx</Extensions>
    </Filter>
    <Filter Include="Header Files">
      <UniqueIdentifier>{93995380-89BD-4b04-88EB-625FBE52EBFB}</UniqueIdentifier>
      <Extensions>h;hh;hpp;hxx;hm;inl;inc;xsd</Extensions>
    </Filter>
    <Filter Include="Resource Files">
      <UniqueIdentifier>{67DA6AB6-F800-4c08-8B7A-83BB121AAD01}</UniqueIdentifier>
      <Extensions>rc;ico;cur;bmp;dlg;rc2;rct;bin;rgs;gif;jpg;jpeg;jpe;resx;tiff;tif;png;wav;mfcribbon-ms</Extensions>
    </Filter>
    <Filter Include="Header Files\Graphics">
      <UniqueIdentifier>{05c551ee-fc33-4ffa-8cbc-28c0c997d120}</UniqueIdentifier>
    </Filter>
    <Filter Include="Source Files\Shaders">
      <UniqueIdentifier>{20f11d3d-11bf-4339-9476-6fbfa630a5f8}</UniqueIdentifier>
    </Filter>
    <Filter Include="Header Files\Camera">
      <UniqueIdentifier>{ab50769e-cb42-46c9-9554-d2312c41815b}</UniqueIdentifier>
    </Filter>
    <Filter Include="Header Files\Models">
      <UniqueIdentifier>{24c86de7-5acc-4742-9a95-b09241cffa4f}</UniqueIdentifier>
    </Filter>
    <Filter Include="Source Files\Models">
      <UniqueIdentifier>{02060a17-fdf2-499c-901e-4e10a2599976}</UniqueIdentifier>
    </Filter>
    <Filter Include="Source Files\Graphics">
      <UniqueIdentifier>{75f52dd6-3256-4c27-8fe7-6ead3528d0ed}</UniqueIdentifier>
    </Filter>
    <Filter Include="Header Files\Shaders">
      <UniqueIdentifier>{1d3c300f-d2cb-45b8-bdcd-4da3f582cc28}</UniqueIdentifier>
    </Filter>
    <Filter Include="Source Files\Camera">
      <UniqueIdentifier>{bf89820d-7ef5-4f39-bfc9-42cf2285d0b6}</UniqueIdentifier>
    </Filter>
    <Filter Include="Source Files\Device">
      <UniqueIdentifier>{bd4ba9a9-64e0-44c7-9ac6-08df7824894a}</UniqueIdentifier>
    </Filter>
    <Filter Include="Header Files\Device">
      <UniqueIdentifier>{c7b67310-e482-448d-b167-000a9fcc08a1}</UniqueIdentifier>
    </Filter>
    <Filter Include="Header Files\Managers">
      <UniqueIdentifier>{730bc748-f630-4323-b456-70e55674be23}</UniqueIdentifier>
    </Filter>
    <Filter Include="Source Files\Managers">
      <UniqueIdentifier>{b7e93599-210e-4faa-8fe7-1a4c69e4b62b}</UniqueIdentifier>
    </Filter>
    <Filter Include="Libraries">
      <UniqueIdentifier>{602f06a8-d9d5-45ea-b4fc-fd8d1e01c39b}</UniqueIdentifier>
    </Filter>
    <Filter Include="Libraries\Assimp">
      <UniqueIdentifier>{7d4e65a8-52e3-467f-bb45-fddd9d93c546}</UniqueIdentifier>
    </Filter>
    <Filter Include="Source Files\Input">
      <UniqueIdentifier>{3963d03c-5ef2-4347-bf85-b198e501bb2b}</UniqueIdentifier>
    </Filter>
    <Filter Include="Header Files\Input">
      <UniqueIdentifier>{7f2d5016-fcc0-4133-8978-fb814db93b86}</UniqueIdentifier>
    </Filter>
    <Filter Include="Source Files\System">
      <UniqueIdentifier>{6e0e7a04-6892-4d6f-be57-3536e6ef2f4c}</UniqueIdentifier>
    </Filter>
    <Filter Include="Header Files\System">
      <UniqueIdentifier>{b8c596cc-c939-433c-a18f-bc39252274a4}</UniqueIdentifier>
    </Filter>
    <Filter Include="Libraries\Boost">
      <UniqueIdentifier>{7c971688-d16b-4de4-a21a-f9f5dab598c3}</UniqueIdentifier>
    </Filter>
  </ItemGroup>
  <ItemGroup>
    <ClCompile Include="CModel.cpp">
      <Filter>Source Files\Models</Filter>
    </ClCompile>
    <ClCompile Include="CGraphics.cpp">
      <Filter>Source Files\Graphics</Filter>
    </ClCompile>
    <ClCompile Include="CShader.cpp">
      <Filter>Source Files\Shaders</Filter>
    </ClCompile>
    <ClCompile Include="CCamera.cpp">
      <Filter>Source Files\Camera</Filter>
    </ClCompile>
    <ClCompile Include="CDirect3D.cpp">
      <Filter>Source Files\Device</Filter>
    </ClCompile>
    <ClCompile Include="CMesh.cpp">
      <Filter>Source Files\Models</Filter>
    </ClCompile>
    <ClCompile Include="CEntityManager.cpp">
      <Filter>Source Files\Managers</Filter>
    </ClCompile>
    <ClCompile Include="Libraries\assimp\code\3DSConverter.cpp">
      <Filter>Libraries\Assimp</Filter>
    </ClCompile>
    <ClCompile Include="Libraries\assimp\code\3DSLoader.cpp">
      <Filter>Libraries\Assimp</Filter>
    </ClCompile>
    <ClCompile Include="Libraries\assimp\code\ACLoader.cpp">
      <Filter>Libraries\Assimp</Filter>
    </ClCompile>
    <ClCompile Include="Libraries\assimp\code\ASELoader.cpp">
      <Filter>Libraries\Assimp</Filter>
    </ClCompile>
    <ClCompile Include="Libraries\assimp\code\ASEParser.cpp">
      <Filter>Libraries\Assimp</Filter>
    </ClCompile>
    <ClCompile Include="Libraries\assimp\code\Assimp.cpp">
      <Filter>Libraries\Assimp</Filter>
    </ClCompile>
    <ClCompile Include="Libraries\assimp\code\AssimpCExport.cpp">
      <Filter>Libraries\Assimp</Filter>
    </ClCompile>
    <ClCompile Include="Libraries\assimp\code\AssimpPCH.cpp">
      <Filter>Libraries\Assimp</Filter>
    </ClCompile>
    <ClCompile Include="Libraries\assimp\code\B3DImporter.cpp">
      <Filter>Libraries\Assimp</Filter>
    </ClCompile>
    <ClCompile Include="Libraries\assimp\code\BaseImporter.cpp">
      <Filter>Libraries\Assimp</Filter>
    </ClCompile>
    <ClCompile Include="Libraries\assimp\code\BaseProcess.cpp">
      <Filter>Libraries\Assimp</Filter>
    </ClCompile>
    <ClCompile Include="Libraries\assimp\code\Bitmap.cpp">
      <Filter>Libraries\Assimp</Filter>
    </ClCompile>
    <ClCompile Include="Libraries\assimp\code\BlenderBMesh.cpp">
      <Filter>Libraries\Assimp</Filter>
    </ClCompile>
    <ClCompile Include="Libraries\assimp\code\BlenderDNA.cpp">
      <Filter>Libraries\Assimp</Filter>
    </ClCompile>
    <ClCompile Include="Libraries\assimp\code\BlenderLoader.cpp">
      <Filter>Libraries\Assimp</Filter>
    </ClCompile>
    <ClCompile Include="Libraries\assimp\code\BlenderModifier.cpp">
      <Filter>Libraries\Assimp</Filter>
    </ClCompile>
    <ClCompile Include="Libraries\assimp\code\BlenderScene.cpp">
      <Filter>Libraries\Assimp</Filter>
    </ClCompile>
    <ClCompile Include="Libraries\assimp\code\BlenderTessellator.cpp">
      <Filter>Libraries\Assimp</Filter>
    </ClCompile>
    <ClCompile Include="Libraries\assimp\code\BVHLoader.cpp">
      <Filter>Libraries\Assimp</Filter>
    </ClCompile>
    <ClCompile Include="Libraries\assimp\code\CalcTangentsProcess.cpp">
      <Filter>Libraries\Assimp</Filter>
    </ClCompile>
    <ClCompile Include="Libraries\assimp\code\COBLoader.cpp">
      <Filter>Libraries\Assimp</Filter>
    </ClCompile>
    <ClCompile Include="Libraries\assimp\code\ColladaExporter.cpp">
      <Filter>Libraries\Assimp</Filter>
    </ClCompile>
    <ClCompile Include="Libraries\assimp\code\ColladaLoader.cpp">
      <Filter>Libraries\Assimp</Filter>
    </ClCompile>
    <ClCompile Include="Libraries\assimp\code\ColladaParser.cpp">
      <Filter>Libraries\Assimp</Filter>
    </ClCompile>
    <ClCompile Include="Libraries\assimp\code\ComputeUVMappingProcess.cpp">
      <Filter>Libraries\Assimp</Filter>
    </ClCompile>
    <ClCompile Include="Libraries\assimp\code\ConvertToLHProcess.cpp">
      <Filter>Libraries\Assimp</Filter>
    </ClCompile>
    <ClCompile Include="Libraries\assimp\code\CSMLoader.cpp">
      <Filter>Libraries\Assimp</Filter>
    </ClCompile>
    <ClCompile Include="Libraries\assimp\code\DeboneProcess.cpp">
      <Filter>Libraries\Assimp</Filter>
    </ClCompile>
    <ClCompile Include="Libraries\assimp\code\DefaultIOStream.cpp">
      <Filter>Libraries\Assimp</Filter>
    </ClCompile>
    <ClCompile Include="Libraries\assimp\code\DefaultIOSystem.cpp">
      <Filter>Libraries\Assimp</Filter>
    </ClCompile>
    <ClCompile Include="Libraries\assimp\code\DefaultLogger.cpp">
      <Filter>Libraries\Assimp</Filter>
    </ClCompile>
    <ClCompile Include="Libraries\assimp\code\DXFLoader.cpp">
      <Filter>Libraries\Assimp</Filter>
    </ClCompile>
    <ClCompile Include="Libraries\assimp\code\Exporter.cpp">
      <Filter>Libraries\Assimp</Filter>
    </ClCompile>
    <ClCompile Include="Libraries\assimp\code\FBXAnimation.cpp">
      <Filter>Libraries\Assimp</Filter>
    </ClCompile>
    <ClCompile Include="Libraries\assimp\code\FBXBinaryTokenizer.cpp">
      <Filter>Libraries\Assimp</Filter>
    </ClCompile>
    <ClCompile Include="Libraries\assimp\code\FBXConverter.cpp">
      <Filter>Libraries\Assimp</Filter>
    </ClCompile>
    <ClCompile Include="Libraries\assimp\code\FBXDeformer.cpp">
      <Filter>Libraries\Assimp</Filter>
    </ClCompile>
    <ClCompile Include="Libraries\assimp\code\FBXDocument.cpp">
      <Filter>Libraries\Assimp</Filter>
    </ClCompile>
    <ClCompile Include="Libraries\assimp\code\FBXDocumentUtil.cpp">
      <Filter>Libraries\Assimp</Filter>
    </ClCompile>
    <ClCompile Include="Libraries\assimp\code\FBXImporter.cpp">
      <Filter>Libraries\Assimp</Filter>
    </ClCompile>
    <ClCompile Include="Libraries\assimp\code\FBXMaterial.cpp">
      <Filter>Libraries\Assimp</Filter>
    </ClCompile>
    <ClCompile Include="Libraries\assimp\code\FBXMeshGeometry.cpp">
      <Filter>Libraries\Assimp</Filter>
    </ClCompile>
    <ClCompile Include="Libraries\assimp\code\FBXModel.cpp">
      <Filter>Libraries\Assimp</Filter>
    </ClCompile>
    <ClCompile Include="Libraries\assimp\code\FBXNodeAttribute.cpp">
      <Filter>Libraries\Assimp</Filter>
    </ClCompile>
    <ClCompile Include="Libraries\assimp\code\FBXParser.cpp">
      <Filter>Libraries\Assimp</Filter>
    </ClCompile>
    <ClCompile Include="Libraries\assimp\code\FBXProperties.cpp">
      <Filter>Libraries\Assimp</Filter>
    </ClCompile>
    <ClCompile Include="Libraries\assimp\code\FBXTokenizer.cpp">
      <Filter>Libraries\Assimp</Filter>
    </ClCompile>
    <ClCompile Include="Libraries\assimp\code\FBXUtil.cpp">
      <Filter>Libraries\Assimp</Filter>
    </ClCompile>
    <ClCompile Include="Libraries\assimp\code\FindDegenerates.cpp">
      <Filter>Libraries\Assimp</Filter>
    </ClCompile>
    <ClCompile Include="Libraries\assimp\code\FindInstancesProcess.cpp">
      <Filter>Libraries\Assimp</Filter>
    </ClCompile>
    <ClCompile Include="Libraries\assimp\code\FindInvalidDataProcess.cpp">
      <Filter>Libraries\Assimp</Filter>
    </ClCompile>
    <ClCompile Include="Libraries\assimp\code\FixNormalsStep.cpp">
      <Filter>Libraries\Assimp</Filter>
    </ClCompile>
    <ClCompile Include="Libraries\assimp\code\GenFaceNormalsProcess.cpp">
      <Filter>Libraries\Assimp</Filter>
    </ClCompile>
    <ClCompile Include="Libraries\assimp\code\GenVertexNormalsProcess.cpp">
      <Filter>Libraries\Assimp</Filter>
    </ClCompile>
    <ClCompile Include="Libraries\assimp\code\HMPLoader.cpp">
      <Filter>Libraries\Assimp</Filter>
    </ClCompile>
    <ClCompile Include="Libraries\assimp\code\IFCBoolean.cpp">
      <Filter>Libraries\Assimp</Filter>
    </ClCompile>
    <ClCompile Include="Libraries\assimp\code\IFCCurve.cpp">
      <Filter>Libraries\Assimp</Filter>
    </ClCompile>
    <ClCompile Include="Libraries\assimp\code\IFCGeometry.cpp">
      <Filter>Libraries\Assimp</Filter>
    </ClCompile>
    <ClCompile Include="Libraries\assimp\code\IFCLoader.cpp">
      <Filter>Libraries\Assimp</Filter>
    </ClCompile>
    <ClCompile Include="Libraries\assimp\code\IFCMaterial.cpp">
      <Filter>Libraries\Assimp</Filter>
    </ClCompile>
    <ClCompile Include="Libraries\assimp\code\IFCOpenings.cpp">
      <Filter>Libraries\Assimp</Filter>
    </ClCompile>
    <ClCompile Include="Libraries\assimp\code\IFCProfile.cpp">
      <Filter>Libraries\Assimp</Filter>
    </ClCompile>
    <ClCompile Include="Libraries\assimp\code\IFCReaderGen.cpp">
      <Filter>Libraries\Assimp</Filter>
    </ClCompile>
    <ClCompile Include="Libraries\assimp\code\IFCUtil.cpp">
      <Filter>Libraries\Assimp</Filter>
    </ClCompile>
    <ClCompile Include="Libraries\assimp\code\Importer.cpp">
      <Filter>Libraries\Assimp</Filter>
    </ClCompile>
    <ClCompile Include="Libraries\assimp\code\ImporterRegistry.cpp">
      <Filter>Libraries\Assimp</Filter>
    </ClCompile>
    <ClCompile Include="Libraries\assimp\code\ImproveCacheLocality.cpp">
      <Filter>Libraries\Assimp</Filter>
    </ClCompile>
    <ClCompile Include="Libraries\assimp\code\IRRLoader.cpp">
      <Filter>Libraries\Assimp</Filter>
    </ClCompile>
    <ClCompile Include="Libraries\assimp\code\IRRMeshLoader.cpp">
      <Filter>Libraries\Assimp</Filter>
    </ClCompile>
    <ClCompile Include="Libraries\assimp\code\IRRShared.cpp">
      <Filter>Libraries\Assimp</Filter>
    </ClCompile>
    <ClCompile Include="Libraries\assimp\code\JoinVerticesProcess.cpp">
      <Filter>Libraries\Assimp</Filter>
    </ClCompile>
    <ClCompile Include="Libraries\assimp\code\LimitBoneWeightsProcess.cpp">
      <Filter>Libraries\Assimp</Filter>
    </ClCompile>
    <ClCompile Include="Libraries\assimp\code\LWOAnimation.cpp">
      <Filter>Libraries\Assimp</Filter>
    </ClCompile>
    <ClCompile Include="Libraries\assimp\code\LWOBLoader.cpp">
      <Filter>Libraries\Assimp</Filter>
    </ClCompile>
    <ClCompile Include="Libraries\assimp\code\LWOLoader.cpp">
      <Filter>Libraries\Assimp</Filter>
    </ClCompile>
    <ClCompile Include="Libraries\assimp\code\LWOMaterial.cpp">
      <Filter>Libraries\Assimp</Filter>
    </ClCompile>
    <ClCompile Include="Libraries\assimp\code\LWSLoader.cpp">
      <Filter>Libraries\Assimp</Filter>
    </ClCompile>
    <ClCompile Include="Libraries\assimp\code\MakeVerboseFormat.cpp">
      <Filter>Libraries\Assimp</Filter>
    </ClCompile>
    <ClCompile Include="Libraries\assimp\code\MaterialSystem.cpp">
      <Filter>Libraries\Assimp</Filter>
    </ClCompile>
    <ClCompile Include="Libraries\assimp\code\MD2Loader.cpp">
      <Filter>Libraries\Assimp</Filter>
    </ClCompile>
    <ClCompile Include="Libraries\assimp\code\MD3Loader.cpp">
      <Filter>Libraries\Assimp</Filter>
    </ClCompile>
    <ClCompile Include="Libraries\assimp\code\MD5Loader.cpp">
      <Filter>Libraries\Assimp</Filter>
    </ClCompile>
    <ClCompile Include="Libraries\assimp\code\MD5Parser.cpp">
      <Filter>Libraries\Assimp</Filter>
    </ClCompile>
    <ClCompile Include="Libraries\assimp\code\MDCLoader.cpp">
      <Filter>Libraries\Assimp</Filter>
    </ClCompile>
    <ClCompile Include="Libraries\assimp\code\MDLLoader.cpp">
      <Filter>Libraries\Assimp</Filter>
    </ClCompile>
    <ClCompile Include="Libraries\assimp\code\MDLMaterialLoader.cpp">
      <Filter>Libraries\Assimp</Filter>
    </ClCompile>
    <ClCompile Include="Libraries\assimp\code\MS3DLoader.cpp">
      <Filter>Libraries\Assimp</Filter>
    </ClCompile>
    <ClCompile Include="Libraries\assimp\code\NDOLoader.cpp">
      <Filter>Libraries\Assimp</Filter>
    </ClCompile>
    <ClCompile Include="Libraries\assimp\code\NFFLoader.cpp">
      <Filter>Libraries\Assimp</Filter>
    </ClCompile>
    <ClCompile Include="Libraries\assimp\code\ObjExporter.cpp">
      <Filter>Libraries\Assimp</Filter>
    </ClCompile>
    <ClCompile Include="Libraries\assimp\code\ObjFileImporter.cpp">
      <Filter>Libraries\Assimp</Filter>
    </ClCompile>
    <ClCompile Include="Libraries\assimp\code\ObjFileMtlImporter.cpp">
      <Filter>Libraries\Assimp</Filter>
    </ClCompile>
    <ClCompile Include="Libraries\assimp\code\ObjFileParser.cpp">
      <Filter>Libraries\Assimp</Filter>
    </ClCompile>
    <ClCompile Include="Libraries\assimp\code\OFFLoader.cpp">
      <Filter>Libraries\Assimp</Filter>
    </ClCompile>
    <ClCompile Include="Libraries\assimp\code\OgreBinarySerializer.cpp">
      <Filter>Libraries\Assimp</Filter>
    </ClCompile>
    <ClCompile Include="Libraries\assimp\code\OgreImporter.cpp">
      <Filter>Libraries\Assimp</Filter>
    </ClCompile>
    <ClCompile Include="Libraries\assimp\code\OgreMaterial.cpp">
      <Filter>Libraries\Assimp</Filter>
    </ClCompile>
    <ClCompile Include="Libraries\assimp\code\OgreStructs.cpp">
      <Filter>Libraries\Assimp</Filter>
    </ClCompile>
    <ClCompile Include="Libraries\assimp\code\OgreXmlSerializer.cpp">
      <Filter>Libraries\Assimp</Filter>
    </ClCompile>
    <ClCompile Include="Libraries\assimp\code\OptimizeGraph.cpp">
      <Filter>Libraries\Assimp</Filter>
    </ClCompile>
    <ClCompile Include="Libraries\assimp\code\OptimizeMeshes.cpp">
      <Filter>Libraries\Assimp</Filter>
    </ClCompile>
    <ClCompile Include="Libraries\assimp\code\PlyExporter.cpp">
      <Filter>Libraries\Assimp</Filter>
    </ClCompile>
    <ClCompile Include="Libraries\assimp\code\PlyLoader.cpp">
      <Filter>Libraries\Assimp</Filter>
    </ClCompile>
    <ClCompile Include="Libraries\assimp\code\PlyParser.cpp">
      <Filter>Libraries\Assimp</Filter>
    </ClCompile>
    <ClCompile Include="Libraries\assimp\code\PostStepRegistry.cpp">
      <Filter>Libraries\Assimp</Filter>
    </ClCompile>
    <ClCompile Include="Libraries\assimp\code\PretransformVertices.cpp">
      <Filter>Libraries\Assimp</Filter>
    </ClCompile>
    <ClCompile Include="Libraries\assimp\code\ProcessHelper.cpp">
      <Filter>Libraries\Assimp</Filter>
    </ClCompile>
    <ClCompile Include="Libraries\assimp\code\Q3BSPFileImporter.cpp">
      <Filter>Libraries\Assimp</Filter>
    </ClCompile>
    <ClCompile Include="Libraries\assimp\code\Q3BSPFileParser.cpp">
      <Filter>Libraries\Assimp</Filter>
    </ClCompile>
    <ClCompile Include="Libraries\assimp\code\Q3BSPZipArchive.cpp">
      <Filter>Libraries\Assimp</Filter>
    </ClCompile>
    <ClCompile Include="Libraries\assimp\code\Q3DLoader.cpp">
      <Filter>Libraries\Assimp</Filter>
    </ClCompile>
    <ClCompile Include="Libraries\assimp\code\RawLoader.cpp">
      <Filter>Libraries\Assimp</Filter>
    </ClCompile>
    <ClCompile Include="Libraries\assimp\code\RemoveComments.cpp">
      <Filter>Libraries\Assimp</Filter>
    </ClCompile>
    <ClCompile Include="Libraries\assimp\code\RemoveRedundantMaterials.cpp">
      <Filter>Libraries\Assimp</Filter>
    </ClCompile>
    <ClCompile Include="Libraries\assimp\code\RemoveVCProcess.cpp">
      <Filter>Libraries\Assimp</Filter>
    </ClCompile>
    <ClCompile Include="Libraries\assimp\code\SceneCombiner.cpp">
      <Filter>Libraries\Assimp</Filter>
    </ClCompile>
    <ClCompile Include="Libraries\assimp\code\ScenePreprocessor.cpp">
      <Filter>Libraries\Assimp</Filter>
    </ClCompile>
    <ClCompile Include="Libraries\assimp\code\SGSpatialSort.cpp">
      <Filter>Libraries\Assimp</Filter>
    </ClCompile>
    <ClCompile Include="Libraries\assimp\code\SkeletonMeshBuilder.cpp">
      <Filter>Libraries\Assimp</Filter>
    </ClCompile>
    <ClCompile Include="Libraries\assimp\code\SMDLoader.cpp">
      <Filter>Libraries\Assimp</Filter>
    </ClCompile>
    <ClCompile Include="Libraries\assimp\code\SortByPTypeProcess.cpp">
      <Filter>Libraries\Assimp</Filter>
    </ClCompile>
    <ClCompile Include="Libraries\assimp\code\SpatialSort.cpp">
      <Filter>Libraries\Assimp</Filter>
    </ClCompile>
    <ClCompile Include="Libraries\assimp\code\SplitByBoneCountProcess.cpp">
      <Filter>Libraries\Assimp</Filter>
    </ClCompile>
    <ClCompile Include="Libraries\assimp\code\SplitLargeMeshes.cpp">
      <Filter>Libraries\Assimp</Filter>
    </ClCompile>
    <ClCompile Include="Libraries\assimp\code\StandardShapes.cpp">
      <Filter>Libraries\Assimp</Filter>
    </ClCompile>
    <ClCompile Include="Libraries\assimp\code\STEPFileEncoding.cpp">
      <Filter>Libraries\Assimp</Filter>
    </ClCompile>
    <ClCompile Include="Libraries\assimp\code\STEPFileReader.cpp">
      <Filter>Libraries\Assimp</Filter>
    </ClCompile>
    <ClCompile Include="Libraries\assimp\code\STLExporter.cpp">
      <Filter>Libraries\Assimp</Filter>
    </ClCompile>
    <ClCompile Include="Libraries\assimp\code\STLLoader.cpp">
      <Filter>Libraries\Assimp</Filter>
    </ClCompile>
    <ClCompile Include="Libraries\assimp\code\Subdivision.cpp">
      <Filter>Libraries\Assimp</Filter>
    </ClCompile>
    <ClCompile Include="Libraries\assimp\code\TargetAnimation.cpp">
      <Filter>Libraries\Assimp</Filter>
    </ClCompile>
    <ClCompile Include="Libraries\assimp\code\TerragenLoader.cpp">
      <Filter>Libraries\Assimp</Filter>
    </ClCompile>
    <ClCompile Include="Libraries\assimp\code\TextureTransform.cpp">
      <Filter>Libraries\Assimp</Filter>
    </ClCompile>
    <ClCompile Include="Libraries\assimp\code\TriangulateProcess.cpp">
      <Filter>Libraries\Assimp</Filter>
    </ClCompile>
    <ClCompile Include="Libraries\assimp\code\UnrealLoader.cpp">
      <Filter>Libraries\Assimp</Filter>
    </ClCompile>
    <ClCompile Include="Libraries\assimp\code\ValidateDataStructure.cpp">
      <Filter>Libraries\Assimp</Filter>
    </ClCompile>
    <ClCompile Include="Libraries\assimp\code\VertexTriangleAdjacency.cpp">
      <Filter>Libraries\Assimp</Filter>
    </ClCompile>
    <ClCompile Include="Libraries\assimp\code\XFileImporter.cpp">
      <Filter>Libraries\Assimp</Filter>
    </ClCompile>
    <ClCompile Include="Libraries\assimp\code\XFileParser.cpp">
      <Filter>Libraries\Assimp</Filter>
    </ClCompile>
    <ClCompile Include="Libraries\assimp\code\XGLLoader.cpp">
      <Filter>Libraries\Assimp</Filter>
    </ClCompile>
    <ClCompile Include="CInput.cpp">
      <Filter>Source Files\Input</Filter>
    </ClCompile>
    <ClCompile Include="CSystem.cpp">
      <Filter>Source Files\System</Filter>
    </ClCompile>
    <ClCompile Include="MainProgram.cpp">
      <Filter>Source Files\System</Filter>
    </ClCompile>
  </ItemGroup>
  <ItemGroup>
    <ClInclude Include="CGraphics.h">
      <Filter>Header Files\Graphics</Filter>
    </ClInclude>
    <ClInclude Include="CModel.h">
      <Filter>Header Files\Models</Filter>
    </ClInclude>
    <ClInclude Include="CShader.h">
      <Filter>Header Files\Shaders</Filter>
    </ClInclude>
    <ClInclude Include="CCamera.h">
      <Filter>Header Files\Camera</Filter>
    </ClInclude>
    <ClInclude Include="CDirect3D.h">
      <Filter>Header Files\Device</Filter>
    </ClInclude>
    <ClInclude Include="CMesh.h">
      <Filter>Header Files\Models</Filter>
    </ClInclude>
    <ClInclude Include="CEntityManager.h">
      <Filter>Header Files\Managers</Filter>
    </ClInclude>
    <ClInclude Include="Libraries\assimp\code\3DSHelper.h">
      <Filter>Libraries\Assimp</Filter>
    </ClInclude>
    <ClInclude Include="Libraries\assimp\code\3DSLoader.h">
      <Filter>Libraries\Assimp</Filter>
    </ClInclude>
    <ClInclude Include="Libraries\assimp\code\ACLoader.h">
      <Filter>Libraries\Assimp</Filter>
    </ClInclude>
    <ClInclude Include="Libraries\assimp\code\ASELoader.h">
      <Filter>Libraries\Assimp</Filter>
    </ClInclude>
    <ClInclude Include="Libraries\assimp\code\ASEParser.h">
      <Filter>Libraries\Assimp</Filter>
    </ClInclude>
    <ClInclude Include="Libraries\assimp\code\assbin_chunks.h">
      <Filter>Libraries\Assimp</Filter>
    </ClInclude>
    <ClInclude Include="Libraries\assimp\code\AssimpPCH.h">
      <Filter>Libraries\Assimp</Filter>
    </ClInclude>
    <ClInclude Include="Libraries\assimp\code\B3DImporter.h">
      <Filter>Libraries\Assimp</Filter>
    </ClInclude>
    <ClInclude Include="Libraries\assimp\code\BaseImporter.h">
      <Filter>Libraries\Assimp</Filter>
    </ClInclude>
    <ClInclude Include="Libraries\assimp\code\BaseProcess.h">
      <Filter>Libraries\Assimp</Filter>
    </ClInclude>
    <ClInclude Include="Libraries\assimp\code\Bitmap.h">
      <Filter>Libraries\Assimp</Filter>
    </ClInclude>
    <ClInclude Include="Libraries\assimp\code\BlenderBMesh.h">
      <Filter>Libraries\Assimp</Filter>
    </ClInclude>
    <ClInclude Include="Libraries\assimp\code\BlenderDNA.h">
      <Filter>Libraries\Assimp</Filter>
    </ClInclude>
    <ClInclude Include="Libraries\assimp\code\BlenderIntermediate.h">
      <Filter>Libraries\Assimp</Filter>
    </ClInclude>
    <ClInclude Include="Libraries\assimp\code\BlenderLoader.h">
      <Filter>Libraries\Assimp</Filter>
    </ClInclude>
    <ClInclude Include="Libraries\assimp\code\BlenderModifier.h">
      <Filter>Libraries\Assimp</Filter>
    </ClInclude>
    <ClInclude Include="Libraries\assimp\code\BlenderScene.h">
      <Filter>Libraries\Assimp</Filter>
    </ClInclude>
    <ClInclude Include="Libraries\assimp\code\BlenderSceneGen.h">
      <Filter>Libraries\Assimp</Filter>
    </ClInclude>
    <ClInclude Include="Libraries\assimp\code\BlenderTessellator.h">
      <Filter>Libraries\Assimp</Filter>
    </ClInclude>
    <ClInclude Include="Libraries\assimp\code\BlobIOSystem.h">
      <Filter>Libraries\Assimp</Filter>
    </ClInclude>
    <ClInclude Include="Libraries\assimp\code\BVHLoader.h">
      <Filter>Libraries\Assimp</Filter>
    </ClInclude>
    <ClInclude Include="Libraries\assimp\code\ByteSwap.h">
      <Filter>Libraries\Assimp</Filter>
    </ClInclude>
    <ClInclude Include="Libraries\assimp\code\CalcTangentsProcess.h">
      <Filter>Libraries\Assimp</Filter>
    </ClInclude>
    <ClInclude Include="Libraries\assimp\code\CInterfaceIOWrapper.h">
      <Filter>Libraries\Assimp</Filter>
    </ClInclude>
    <ClInclude Include="Libraries\assimp\code\COBLoader.h">
      <Filter>Libraries\Assimp</Filter>
    </ClInclude>
    <ClInclude Include="Libraries\assimp\code\COBScene.h">
      <Filter>Libraries\Assimp</Filter>
    </ClInclude>
    <ClInclude Include="Libraries\assimp\code\ColladaExporter.h">
      <Filter>Libraries\Assimp</Filter>
    </ClInclude>
    <ClInclude Include="Libraries\assimp\code\ColladaHelper.h">
      <Filter>Libraries\Assimp</Filter>
    </ClInclude>
    <ClInclude Include="Libraries\assimp\code\ColladaLoader.h">
      <Filter>Libraries\Assimp</Filter>
    </ClInclude>
    <ClInclude Include="Libraries\assimp\code\ColladaParser.h">
      <Filter>Libraries\Assimp</Filter>
    </ClInclude>
    <ClInclude Include="Libraries\assimp\code\ComputeUVMappingProcess.h">
      <Filter>Libraries\Assimp</Filter>
    </ClInclude>
    <ClInclude Include="Libraries\assimp\code\ConvertToLHProcess.h">
      <Filter>Libraries\Assimp</Filter>
    </ClInclude>
    <ClInclude Include="Libraries\assimp\code\CSMLoader.h">
      <Filter>Libraries\Assimp</Filter>
    </ClInclude>
    <ClInclude Include="Libraries\assimp\code\DeboneProcess.h">
      <Filter>Libraries\Assimp</Filter>
    </ClInclude>
    <ClInclude Include="Libraries\assimp\code\DefaultIOStream.h">
      <Filter>Libraries\Assimp</Filter>
    </ClInclude>
    <ClInclude Include="Libraries\assimp\code\DefaultIOSystem.h">
      <Filter>Libraries\Assimp</Filter>
    </ClInclude>
    <ClInclude Include="Libraries\assimp\code\DefaultProgressHandler.h">
      <Filter>Libraries\Assimp</Filter>
    </ClInclude>
    <ClInclude Include="Libraries\assimp\code\DXFHelper.h">
      <Filter>Libraries\Assimp</Filter>
    </ClInclude>
    <ClInclude Include="Libraries\assimp\code\DXFLoader.h">
      <Filter>Libraries\Assimp</Filter>
    </ClInclude>
    <ClInclude Include="Libraries\assimp\code\Exceptional.h">
      <Filter>Libraries\Assimp</Filter>
    </ClInclude>
    <ClInclude Include="Libraries\assimp\code\fast_atof.h">
      <Filter>Libraries\Assimp</Filter>
    </ClInclude>
    <ClInclude Include="Libraries\assimp\code\FBXCompileConfig.h">
      <Filter>Libraries\Assimp</Filter>
    </ClInclude>
    <ClInclude Include="Libraries\assimp\code\FBXConverter.h">
      <Filter>Libraries\Assimp</Filter>
    </ClInclude>
    <ClInclude Include="Libraries\assimp\code\FBXDocument.h">
      <Filter>Libraries\Assimp</Filter>
    </ClInclude>
    <ClInclude Include="Libraries\assimp\code\FBXDocumentUtil.h">
      <Filter>Libraries\Assimp</Filter>
    </ClInclude>
    <ClInclude Include="Libraries\assimp\code\FBXImporter.h">
      <Filter>Libraries\Assimp</Filter>
    </ClInclude>
    <ClInclude Include="Libraries\assimp\code\FBXImportSettings.h">
      <Filter>Libraries\Assimp</Filter>
    </ClInclude>
    <ClInclude Include="Libraries\assimp\code\FBXParser.h">
      <Filter>Libraries\Assimp</Filter>
    </ClInclude>
    <ClInclude Include="Libraries\assimp\code\FBXProperties.h">
      <Filter>Libraries\Assimp</Filter>
    </ClInclude>
    <ClInclude Include="Libraries\assimp\code\FBXTokenizer.h">
      <Filter>Libraries\Assimp</Filter>
    </ClInclude>
    <ClInclude Include="Libraries\assimp\code\FBXUtil.h">
      <Filter>Libraries\Assimp</Filter>
    </ClInclude>
    <ClInclude Include="Libraries\assimp\code\FileLogStream.h">
      <Filter>Libraries\Assimp</Filter>
    </ClInclude>
    <ClInclude Include="Libraries\assimp\code\FileSystemFilter.h">
      <Filter>Libraries\Assimp</Filter>
    </ClInclude>
    <ClInclude Include="Libraries\assimp\code\FindDegenerates.h">
      <Filter>Libraries\Assimp</Filter>
    </ClInclude>
    <ClInclude Include="Libraries\assimp\code\FindInstancesProcess.h">
      <Filter>Libraries\Assimp</Filter>
    </ClInclude>
    <ClInclude Include="Libraries\assimp\code\FindInvalidDataProcess.h">
      <Filter>Libraries\Assimp</Filter>
    </ClInclude>
    <ClInclude Include="Libraries\assimp\code\FixNormalsStep.h">
      <Filter>Libraries\Assimp</Filter>
    </ClInclude>
    <ClInclude Include="Libraries\assimp\code\GenericProperty.h">
      <Filter>Libraries\Assimp</Filter>
    </ClInclude>
    <ClInclude Include="Libraries\assimp\code\GenFaceNormalsProcess.h">
      <Filter>Libraries\Assimp</Filter>
    </ClInclude>
    <ClInclude Include="Libraries\assimp\code\GenVertexNormalsProcess.h">
      <Filter>Libraries\Assimp</Filter>
    </ClInclude>
    <ClInclude Include="Libraries\assimp\code\HalfLifeFileData.h">
      <Filter>Libraries\Assimp</Filter>
    </ClInclude>
    <ClInclude Include="Libraries\assimp\code\Hash.h">
      <Filter>Libraries\Assimp</Filter>
    </ClInclude>
    <ClInclude Include="Libraries\assimp\code\HMPFileData.h">
      <Filter>Libraries\Assimp</Filter>
    </ClInclude>
    <ClInclude Include="Libraries\assimp\code\HMPLoader.h">
      <Filter>Libraries\Assimp</Filter>
    </ClInclude>
    <ClInclude Include="Libraries\assimp\code\IFCLoader.h">
      <Filter>Libraries\Assimp</Filter>
    </ClInclude>
    <ClInclude Include="Libraries\assimp\code\IFCReaderGen.h">
      <Filter>Libraries\Assimp</Filter>
    </ClInclude>
    <ClInclude Include="Libraries\assimp\code\IFCUtil.h">
      <Filter>Libraries\Assimp</Filter>
    </ClInclude>
    <ClInclude Include="Libraries\assimp\code\IFF.h">
      <Filter>Libraries\Assimp</Filter>
    </ClInclude>
    <ClInclude Include="Libraries\assimp\code\Importer.h">
      <Filter>Libraries\Assimp</Filter>
    </ClInclude>
    <ClInclude Include="Libraries\assimp\code\ImproveCacheLocality.h">
      <Filter>Libraries\Assimp</Filter>
    </ClInclude>
    <ClInclude Include="Libraries\assimp\code\IRRLoader.h">
      <Filter>Libraries\Assimp</Filter>
    </ClInclude>
    <ClInclude Include="Libraries\assimp\code\IRRMeshLoader.h">
      <Filter>Libraries\Assimp</Filter>
    </ClInclude>
    <ClInclude Include="Libraries\assimp\code\IRRShared.h">
      <Filter>Libraries\Assimp</Filter>
    </ClInclude>
    <ClInclude Include="Libraries\assimp\code\irrXMLWrapper.h">
      <Filter>Libraries\Assimp</Filter>
    </ClInclude>
    <ClInclude Include="Libraries\assimp\code\JoinVerticesProcess.h">
      <Filter>Libraries\Assimp</Filter>
    </ClInclude>
    <ClInclude Include="Libraries\assimp\code\LimitBoneWeightsProcess.h">
      <Filter>Libraries\Assimp</Filter>
    </ClInclude>
    <ClInclude Include="Libraries\assimp\code\LineSplitter.h">
      <Filter>Libraries\Assimp</Filter>
    </ClInclude>
    <ClInclude Include="Libraries\assimp\code\LogAux.h">
      <Filter>Libraries\Assimp</Filter>
    </ClInclude>
    <ClInclude Include="Libraries\assimp\code\LWOAnimation.h">
      <Filter>Libraries\Assimp</Filter>
    </ClInclude>
    <ClInclude Include="Libraries\assimp\code\LWOFileData.h">
      <Filter>Libraries\Assimp</Filter>
    </ClInclude>
    <ClInclude Include="Libraries\assimp\code\LWOLoader.h">
      <Filter>Libraries\Assimp</Filter>
    </ClInclude>
    <ClInclude Include="Libraries\assimp\code\LWSLoader.h">
      <Filter>Libraries\Assimp</Filter>
    </ClInclude>
    <ClInclude Include="Libraries\assimp\code\MakeVerboseFormat.h">
      <Filter>Libraries\Assimp</Filter>
    </ClInclude>
    <ClInclude Include="Libraries\assimp\code\MaterialSystem.h">
      <Filter>Libraries\Assimp</Filter>
    </ClInclude>
    <ClInclude Include="Libraries\assimp\code\MD2FileData.h">
      <Filter>Libraries\Assimp</Filter>
    </ClInclude>
    <ClInclude Include="Libraries\assimp\code\MD2Loader.h">
      <Filter>Libraries\Assimp</Filter>
    </ClInclude>
    <ClInclude Include="Libraries\assimp\code\MD2NormalTable.h">
      <Filter>Libraries\Assimp</Filter>
    </ClInclude>
    <ClInclude Include="Libraries\assimp\code\MD3FileData.h">
      <Filter>Libraries\Assimp</Filter>
    </ClInclude>
    <ClInclude Include="Libraries\assimp\code\MD3Loader.h">
      <Filter>Libraries\Assimp</Filter>
    </ClInclude>
    <ClInclude Include="Libraries\assimp\code\MD4FileData.h">
      <Filter>Libraries\Assimp</Filter>
    </ClInclude>
    <ClInclude Include="Libraries\assimp\code\MD5Loader.h">
      <Filter>Libraries\Assimp</Filter>
    </ClInclude>
    <ClInclude Include="Libraries\assimp\code\MD5Parser.h">
      <Filter>Libraries\Assimp</Filter>
    </ClInclude>
    <ClInclude Include="Libraries\assimp\code\MDCFileData.h">
      <Filter>Libraries\Assimp</Filter>
    </ClInclude>
    <ClInclude Include="Libraries\assimp\code\MDCLoader.h">
      <Filter>Libraries\Assimp</Filter>
    </ClInclude>
    <ClInclude Include="Libraries\assimp\code\MDCNormalTable.h">
      <Filter>Libraries\Assimp</Filter>
    </ClInclude>
    <ClInclude Include="Libraries\assimp\code\MDLDefaultColorMap.h">
      <Filter>Libraries\Assimp</Filter>
    </ClInclude>
    <ClInclude Include="Libraries\assimp\code\MDLFileData.h">
      <Filter>Libraries\Assimp</Filter>
    </ClInclude>
    <ClInclude Include="Libraries\assimp\code\MDLLoader.h">
      <Filter>Libraries\Assimp</Filter>
    </ClInclude>
    <ClInclude Include="Libraries\assimp\code\MemoryIOWrapper.h">
      <Filter>Libraries\Assimp</Filter>
    </ClInclude>
    <ClInclude Include="Libraries\assimp\code\MS3DLoader.h">
      <Filter>Libraries\Assimp</Filter>
    </ClInclude>
    <ClInclude Include="Libraries\assimp\code\NDOLoader.h">
      <Filter>Libraries\Assimp</Filter>
    </ClInclude>
    <ClInclude Include="Libraries\assimp\code\NFFLoader.h">
      <Filter>Libraries\Assimp</Filter>
    </ClInclude>
    <ClInclude Include="Libraries\assimp\code\ObjExporter.h">
      <Filter>Libraries\Assimp</Filter>
    </ClInclude>
    <ClInclude Include="Libraries\assimp\code\ObjFileData.h">
      <Filter>Libraries\Assimp</Filter>
    </ClInclude>
    <ClInclude Include="Libraries\assimp\code\ObjFileImporter.h">
      <Filter>Libraries\Assimp</Filter>
    </ClInclude>
    <ClInclude Include="Libraries\assimp\code\ObjFileMtlImporter.h">
      <Filter>Libraries\Assimp</Filter>
    </ClInclude>
    <ClInclude Include="Libraries\assimp\code\ObjFileParser.h">
      <Filter>Libraries\Assimp</Filter>
    </ClInclude>
    <ClInclude Include="Libraries\assimp\code\ObjTools.h">
      <Filter>Libraries\Assimp</Filter>
    </ClInclude>
    <ClInclude Include="Libraries\assimp\code\OFFLoader.h">
      <Filter>Libraries\Assimp</Filter>
    </ClInclude>
    <ClInclude Include="Libraries\assimp\code\OgreBinarySerializer.h">
      <Filter>Libraries\Assimp</Filter>
    </ClInclude>
    <ClInclude Include="Libraries\assimp\code\OgreImporter.h">
      <Filter>Libraries\Assimp</Filter>
    </ClInclude>
    <ClInclude Include="Libraries\assimp\code\OgreParsingUtils.h">
      <Filter>Libraries\Assimp</Filter>
    </ClInclude>
    <ClInclude Include="Libraries\assimp\code\OgreStructs.h">
      <Filter>Libraries\Assimp</Filter>
    </ClInclude>
    <ClInclude Include="Libraries\assimp\code\OgreXmlSerializer.h">
      <Filter>Libraries\Assimp</Filter>
    </ClInclude>
    <ClInclude Include="Libraries\assimp\code\OptimizeGraph.h">
      <Filter>Libraries\Assimp</Filter>
    </ClInclude>
    <ClInclude Include="Libraries\assimp\code\OptimizeMeshes.h">
      <Filter>Libraries\Assimp</Filter>
    </ClInclude>
    <ClInclude Include="Libraries\assimp\code\ParsingUtils.h">
      <Filter>Libraries\Assimp</Filter>
    </ClInclude>
    <ClInclude Include="Libraries\assimp\code\PlyExporter.h">
      <Filter>Libraries\Assimp</Filter>
    </ClInclude>
    <ClInclude Include="Libraries\assimp\code\PlyLoader.h">
      <Filter>Libraries\Assimp</Filter>
    </ClInclude>
    <ClInclude Include="Libraries\assimp\code\PlyParser.h">
      <Filter>Libraries\Assimp</Filter>
    </ClInclude>
    <ClInclude Include="Libraries\assimp\code\PolyTools.h">
      <Filter>Libraries\Assimp</Filter>
    </ClInclude>
    <ClInclude Include="Libraries\assimp\code\PretransformVertices.h">
      <Filter>Libraries\Assimp</Filter>
    </ClInclude>
    <ClInclude Include="Libraries\assimp\code\ProcessHelper.h">
      <Filter>Libraries\Assimp</Filter>
    </ClInclude>
    <ClInclude Include="Libraries\assimp\code\Profiler.h">
      <Filter>Libraries\Assimp</Filter>
    </ClInclude>
    <ClInclude Include="Libraries\assimp\code\Q3BSPFileData.h">
      <Filter>Libraries\Assimp</Filter>
    </ClInclude>
    <ClInclude Include="Libraries\assimp\code\Q3BSPFileImporter.h">
      <Filter>Libraries\Assimp</Filter>
    </ClInclude>
    <ClInclude Include="Libraries\assimp\code\Q3BSPFileParser.h">
      <Filter>Libraries\Assimp</Filter>
    </ClInclude>
    <ClInclude Include="Libraries\assimp\code\Q3BSPZipArchive.h">
      <Filter>Libraries\Assimp</Filter>
    </ClInclude>
    <ClInclude Include="Libraries\assimp\code\Q3DLoader.h">
      <Filter>Libraries\Assimp</Filter>
    </ClInclude>
    <ClInclude Include="Libraries\assimp\code\qnan.h">
      <Filter>Libraries\Assimp</Filter>
    </ClInclude>
    <ClInclude Include="Libraries\assimp\code\RawLoader.h">
      <Filter>Libraries\Assimp</Filter>
    </ClInclude>
    <ClInclude Include="Libraries\assimp\code\RemoveComments.h">
      <Filter>Libraries\Assimp</Filter>
    </ClInclude>
    <ClInclude Include="Libraries\assimp\code\RemoveRedundantMaterials.h">
      <Filter>Libraries\Assimp</Filter>
    </ClInclude>
    <ClInclude Include="Libraries\assimp\code\RemoveVCProcess.h">
      <Filter>Libraries\Assimp</Filter>
    </ClInclude>
    <ClInclude Include="Libraries\assimp\code\SceneCombiner.h">
      <Filter>Libraries\Assimp</Filter>
    </ClInclude>
    <ClInclude Include="Libraries\assimp\code\ScenePreprocessor.h">
      <Filter>Libraries\Assimp</Filter>
    </ClInclude>
    <ClInclude Include="Libraries\assimp\code\ScenePrivate.h">
      <Filter>Libraries\Assimp</Filter>
    </ClInclude>
    <ClInclude Include="Libraries\assimp\code\SGSpatialSort.h">
      <Filter>Libraries\Assimp</Filter>
    </ClInclude>
    <ClInclude Include="Libraries\assimp\code\SkeletonMeshBuilder.h">
      <Filter>Libraries\Assimp</Filter>
    </ClInclude>
    <ClInclude Include="Libraries\assimp\code\SMDLoader.h">
      <Filter>Libraries\Assimp</Filter>
    </ClInclude>
    <ClInclude Include="Libraries\assimp\code\SmoothingGroups.h">
      <Filter>Libraries\Assimp</Filter>
    </ClInclude>
    <ClInclude Include="Libraries\assimp\code\SortByPTypeProcess.h">
      <Filter>Libraries\Assimp</Filter>
    </ClInclude>
    <ClInclude Include="Libraries\assimp\code\SpatialSort.h">
      <Filter>Libraries\Assimp</Filter>
    </ClInclude>
    <ClInclude Include="Libraries\assimp\code\SplitByBoneCountProcess.h">
      <Filter>Libraries\Assimp</Filter>
    </ClInclude>
    <ClInclude Include="Libraries\assimp\code\SplitLargeMeshes.h">
      <Filter>Libraries\Assimp</Filter>
    </ClInclude>
    <ClInclude Include="Libraries\assimp\code\StandardShapes.h">
      <Filter>Libraries\Assimp</Filter>
    </ClInclude>
    <ClInclude Include="Libraries\assimp\code\StdOStreamLogStream.h">
      <Filter>Libraries\Assimp</Filter>
    </ClInclude>
    <ClInclude Include="Libraries\assimp\code\STEPFile.h">
      <Filter>Libraries\Assimp</Filter>
    </ClInclude>
    <ClInclude Include="Libraries\assimp\code\STEPFileEncoding.h">
      <Filter>Libraries\Assimp</Filter>
    </ClInclude>
    <ClInclude Include="Libraries\assimp\code\STEPFileReader.h">
      <Filter>Libraries\Assimp</Filter>
    </ClInclude>
    <ClInclude Include="Libraries\assimp\code\STLExporter.h">
      <Filter>Libraries\Assimp</Filter>
    </ClInclude>
    <ClInclude Include="Libraries\assimp\code\STLLoader.h">
      <Filter>Libraries\Assimp</Filter>
    </ClInclude>
    <ClInclude Include="Libraries\assimp\code\StreamReader.h">
      <Filter>Libraries\Assimp</Filter>
    </ClInclude>
    <ClInclude Include="Libraries\assimp\code\StringComparison.h">
      <Filter>Libraries\Assimp</Filter>
    </ClInclude>
    <ClInclude Include="Libraries\assimp\code\Subdivision.h">
      <Filter>Libraries\Assimp</Filter>
    </ClInclude>
    <ClInclude Include="Libraries\assimp\code\TargetAnimation.h">
      <Filter>Libraries\Assimp</Filter>
    </ClInclude>
    <ClInclude Include="Libraries\assimp\code\TerragenLoader.h">
      <Filter>Libraries\Assimp</Filter>
    </ClInclude>
    <ClInclude Include="Libraries\assimp\code\TextureTransform.h">
      <Filter>Libraries\Assimp</Filter>
    </ClInclude>
    <ClInclude Include="Libraries\assimp\code\TinyFormatter.h">
      <Filter>Libraries\Assimp</Filter>
    </ClInclude>
    <ClInclude Include="Libraries\assimp\code\TriangulateProcess.h">
      <Filter>Libraries\Assimp</Filter>
    </ClInclude>
    <ClInclude Include="Libraries\assimp\code\UnrealLoader.h">
      <Filter>Libraries\Assimp</Filter>
    </ClInclude>
    <ClInclude Include="Libraries\assimp\code\ValidateDataStructure.h">
      <Filter>Libraries\Assimp</Filter>
    </ClInclude>
    <ClInclude Include="Libraries\assimp\code\Vertex.h">
      <Filter>Libraries\Assimp</Filter>
    </ClInclude>
    <ClInclude Include="Libraries\assimp\code\VertexTriangleAdjacency.h">
      <Filter>Libraries\Assimp</Filter>
    </ClInclude>
    <ClInclude Include="Libraries\assimp\code\Win32DebugLogStream.h">
      <Filter>Libraries\Assimp</Filter>
    </ClInclude>
    <ClInclude Include="Libraries\assimp\code\XFileHelper.h">
      <Filter>Libraries\Assimp</Filter>
    </ClInclude>
    <ClInclude Include="Libraries\assimp\code\XFileImporter.h">
      <Filter>Libraries\Assimp</Filter>
    </ClInclude>
    <ClInclude Include="Libraries\assimp\code\XFileParser.h">
      <Filter>Libraries\Assimp</Filter>
    </ClInclude>
    <ClInclude Include="Libraries\assimp\code\XGLLoader.h">
      <Filter>Libraries\Assimp</Filter>
    </ClInclude>
    <ClInclude Include="CInput.h">
      <Filter>Header Files\Input</Filter>
    </ClInclude>
    <ClInclude Include="CSystem.h">
      <Filter>Header Files\System</Filter>
    </ClInclude>
    <ClInclude Include="Libraries\Boost\boost\align.hpp">
      <Filter>Libraries\Boost</Filter>
    </ClInclude>
    <ClInclude Include="Libraries\Boost\boost\aligned_storage.hpp">
      <Filter>Libraries\Boost</Filter>
    </ClInclude>
    <ClInclude Include="Libraries\Boost\boost\any.hpp">
      <Filter>Libraries\Boost</Filter>
    </ClInclude>
    <ClInclude Include="Libraries\Boost\boost\array.hpp">
      <Filter>Libraries\Boost</Filter>
    </ClInclude>
    <ClInclude Include="Libraries\Boost\boost\asio.hpp">
      <Filter>Libraries\Boost</Filter>
    </ClInclude>
    <ClInclude Include="Libraries\Boost\boost\assert.hpp">
      <Filter>Libraries\Boost</Filter>
    </ClInclude>
    <ClInclude Include="Libraries\Boost\boost\assign.hpp">
      <Filter>Libraries\Boost</Filter>
    </ClInclude>
    <ClInclude Include="Libraries\Boost\boost\atomic.hpp">
      <Filter>Libraries\Boost</Filter>
    </ClInclude>
    <ClInclude Include="Libraries\Boost\boost\bimap.hpp">
      <Filter>Libraries\Boost</Filter>
    </ClInclude>
    <ClInclude Include="Libraries\Boost\boost\bind.hpp">
      <Filter>Libraries\Boost</Filter>
    </ClInclude>
    <ClInclude Include="Libraries\Boost\boost\blank.hpp">
      <Filter>Libraries\Boost</Filter>
    </ClInclude>
    <ClInclude Include="Libraries\Boost\boost\blank_fwd.hpp">
      <Filter>Libraries\Boost</Filter>
    </ClInclude>
    <ClInclude Include="Libraries\Boost\boost\call_traits.hpp">
      <Filter>Libraries\Boost</Filter>
    </ClInclude>
    <ClInclude Include="Libraries\Boost\boost\cast.hpp">
      <Filter>Libraries\Boost</Filter>
    </ClInclude>
    <ClInclude Include="Libraries\Boost\boost\cerrno.hpp">
      <Filter>Libraries\Boost</Filter>
    </ClInclude>
    <ClInclude Include="Libraries\Boost\boost\checked_delete.hpp">
      <Filter>Libraries\Boost</Filter>
    </ClInclude>
    <ClInclude Include="Libraries\Boost\boost\chrono.hpp">
      <Filter>Libraries\Boost</Filter>
    </ClInclude>
    <ClInclude Include="Libraries\Boost\boost\circular_buffer.hpp">
      <Filter>Libraries\Boost</Filter>
    </ClInclude>
    <ClInclude Include="Libraries\Boost\boost\circular_buffer_fwd.hpp">
      <Filter>Libraries\Boost</Filter>
    </ClInclude>
    <ClInclude Include="Libraries\Boost\boost\compressed_pair.hpp">
      <Filter>Libraries\Boost</Filter>
    </ClInclude>
    <ClInclude Include="Libraries\Boost\boost\concept_archetype.hpp">
      <Filter>Libraries\Boost</Filter>
    </ClInclude>
    <ClInclude Include="Libraries\Boost\boost\concept_check.hpp">
      <Filter>Libraries\Boost</Filter>
    </ClInclude>
    <ClInclude Include="Libraries\Boost\boost\config.hpp">
      <Filter>Libraries\Boost</Filter>
    </ClInclude>
    <ClInclude Include="Libraries\Boost\boost\convert.hpp">
      <Filter>Libraries\Boost</Filter>
    </ClInclude>
    <ClInclude Include="Libraries\Boost\boost\crc.hpp">
      <Filter>Libraries\Boost</Filter>
    </ClInclude>
    <ClInclude Include="Libraries\Boost\boost\cregex.hpp">
      <Filter>Libraries\Boost</Filter>
    </ClInclude>
    <ClInclude Include="Libraries\Boost\boost\cstdfloat.hpp">
      <Filter>Libraries\Boost</Filter>
    </ClInclude>
    <ClInclude Include="Libraries\Boost\boost\cstdint.hpp">
      <Filter>Libraries\Boost</Filter>
    </ClInclude>
    <ClInclude Include="Libraries\Boost\boost\cstdlib.hpp">
      <Filter>Libraries\Boost</Filter>
    </ClInclude>
    <ClInclude Include="Libraries\Boost\boost\current_function.hpp">
      <Filter>Libraries\Boost</Filter>
    </ClInclude>
    <ClInclude Include="Libraries\Boost\boost\cxx11_char_types.hpp">
      <Filter>Libraries\Boost</Filter>
    </ClInclude>
    <ClInclude Include="Libraries\Boost\boost\date_time.hpp">
      <Filter>Libraries\Boost</Filter>
    </ClInclude>
    <ClInclude Include="Libraries\Boost\boost\dynamic_bitset.hpp">
      <Filter>Libraries\Boost</Filter>
    </ClInclude>
    <ClInclude Include="Libraries\Boost\boost\dynamic_bitset_fwd.hpp">
      <Filter>Libraries\Boost</Filter>
    </ClInclude>
    <ClInclude Include="Libraries\Boost\boost\enable_shared_from_this.hpp">
      <Filter>Libraries\Boost</Filter>
    </ClInclude>
    <ClInclude Include="Libraries\Boost\boost\exception_ptr.hpp">
      <Filter>Libraries\Boost</Filter>
    </ClInclude>
    <ClInclude Include="Libraries\Boost\boost\filesystem.hpp">
      <Filter>Libraries\Boost</Filter>
    </ClInclude>
    <ClInclude Include="Libraries\Boost\boost\flyweight.hpp">
      <Filter>Libraries\Boost</Filter>
    </ClInclude>
    <ClInclude Include="Libraries\Boost\boost\foreach.hpp">
      <Filter>Libraries\Boost</Filter>
    </ClInclude>
    <ClInclude Include="Libraries\Boost\boost\foreach_fwd.hpp">
      <Filter>Libraries\Boost</Filter>
    </ClInclude>
    <ClInclude Include="Libraries\Boost\boost\format.hpp">
      <Filter>Libraries\Boost</Filter>
    </ClInclude>
    <ClInclude Include="Libraries\Boost\boost\function.hpp">
      <Filter>Libraries\Boost</Filter>
    </ClInclude>
    <ClInclude Include="Libraries\Boost\boost\function_equal.hpp">
      <Filter>Libraries\Boost</Filter>
    </ClInclude>
    <ClInclude Include="Libraries\Boost\boost\function_output_iterator.hpp">
      <Filter>Libraries\Boost</Filter>
    </ClInclude>
    <ClInclude Include="Libraries\Boost\boost\functional.hpp">
      <Filter>Libraries\Boost</Filter>
    </ClInclude>
    <ClInclude Include="Libraries\Boost\boost\generator_iterator.hpp">
      <Filter>Libraries\Boost</Filter>
    </ClInclude>
    <ClInclude Include="Libraries\Boost\boost\geometry.hpp">
      <Filter>Libraries\Boost</Filter>
    </ClInclude>
    <ClInclude Include="Libraries\Boost\boost\get_pointer.hpp">
      <Filter>Libraries\Boost</Filter>
    </ClInclude>
    <ClInclude Include="Libraries\Boost\boost\implicit_cast.hpp">
      <Filter>Libraries\Boost</Filter>
    </ClInclude>
    <ClInclude Include="Libraries\Boost\boost\indirect_reference.hpp">
      <Filter>Libraries\Boost</Filter>
    </ClInclude>
    <ClInclude Include="Libraries\Boost\boost\integer.hpp">
      <Filter>Libraries\Boost</Filter>
    </ClInclude>
    <ClInclude Include="Libraries\Boost\boost\integer_fwd.hpp">
      <Filter>Libraries\Boost</Filter>
    </ClInclude>
    <ClInclude Include="Libraries\Boost\boost\integer_traits.hpp">
      <Filter>Libraries\Boost</Filter>
    </ClInclude>
    <ClInclude Include="Libraries\Boost\boost\intrusive_ptr.hpp">
      <Filter>Libraries\Boost</Filter>
    </ClInclude>
    <ClInclude Include="Libraries\Boost\boost\io_fwd.hpp">
      <Filter>Libraries\Boost</Filter>
    </ClInclude>
    <ClInclude Include="Libraries\Boost\boost\is_placeholder.hpp">
      <Filter>Libraries\Boost</Filter>
    </ClInclude>
    <ClInclude Include="Libraries\Boost\boost\iterator.hpp">
      <Filter>Libraries\Boost</Filter>
    </ClInclude>
    <ClInclude Include="Libraries\Boost\boost\iterator_adaptors.hpp">
      <Filter>Libraries\Boost</Filter>
    </ClInclude>
    <ClInclude Include="Libraries\Boost\boost\last_value.hpp">
      <Filter>Libraries\Boost</Filter>
    </ClInclude>
    <ClInclude Include="Libraries\Boost\boost\lexical_cast.hpp">
      <Filter>Libraries\Boost</Filter>
    </ClInclude>
    <ClInclude Include="Libraries\Boost\boost\limits.hpp">
      <Filter>Libraries\Boost</Filter>
    </ClInclude>
    <ClInclude Include="Libraries\Boost\boost\local_function.hpp">
      <Filter>Libraries\Boost</Filter>
    </ClInclude>
    <ClInclude Include="Libraries\Boost\boost\locale.hpp">
      <Filter>Libraries\Boost</Filter>
    </ClInclude>
    <ClInclude Include="Libraries\Boost\boost\make_default.hpp">
      <Filter>Libraries\Boost</Filter>
    </ClInclude>
    <ClInclude Include="Libraries\Boost\boost\make_shared.hpp">
      <Filter>Libraries\Boost</Filter>
    </ClInclude>
    <ClInclude Include="Libraries\Boost\boost\make_unique.hpp">
      <Filter>Libraries\Boost</Filter>
    </ClInclude>
    <ClInclude Include="Libraries\Boost\boost\math_fwd.hpp">
      <Filter>Libraries\Boost</Filter>
    </ClInclude>
    <ClInclude Include="Libraries\Boost\boost\mem_fn.hpp">
      <Filter>Libraries\Boost</Filter>
    </ClInclude>
    <ClInclude Include="Libraries\Boost\boost\memory_order.hpp">
      <Filter>Libraries\Boost</Filter>
    </ClInclude>
    <ClInclude Include="Libraries\Boost\boost\mpi.hpp">
      <Filter>Libraries\Boost</Filter>
    </ClInclude>
    <ClInclude Include="Libraries\Boost\boost\multi_array.hpp">
      <Filter>Libraries\Boost</Filter>
    </ClInclude>
    <ClInclude Include="Libraries\Boost\boost\multi_index_container.hpp">
      <Filter>Libraries\Boost</Filter>
    </ClInclude>
    <ClInclude Include="Libraries\Boost\boost\multi_index_container_fwd.hpp">
      <Filter>Libraries\Boost</Filter>
    </ClInclude>
    <ClInclude Include="Libraries\Boost\boost\next_prior.hpp">
      <Filter>Libraries\Boost</Filter>
    </ClInclude>
    <ClInclude Include="Libraries\Boost\boost\non_type.hpp">
      <Filter>Libraries\Boost</Filter>
    </ClInclude>
    <ClInclude Include="Libraries\Boost\boost\noncopyable.hpp">
      <Filter>Libraries\Boost</Filter>
    </ClInclude>
    <ClInclude Include="Libraries\Boost\boost\nondet_random.hpp">
      <Filter>Libraries\Boost</Filter>
    </ClInclude>
    <ClInclude Include="Libraries\Boost\boost\none.hpp">
      <Filter>Libraries\Boost</Filter>
    </ClInclude>
    <ClInclude Include="Libraries\Boost\boost\none_t.hpp">
      <Filter>Libraries\Boost</Filter>
    </ClInclude>
    <ClInclude Include="Libraries\Boost\boost\operators.hpp">
      <Filter>Libraries\Boost</Filter>
    </ClInclude>
    <ClInclude Include="Libraries\Boost\boost\optional.hpp">
      <Filter>Libraries\Boost</Filter>
    </ClInclude>
    <ClInclude Include="Libraries\Boost\boost\parameter.hpp">
      <Filter>Libraries\Boost</Filter>
    </ClInclude>
    <ClInclude Include="Libraries\Boost\boost\phoenix.hpp">
      <Filter>Libraries\Boost</Filter>
    </ClInclude>
    <ClInclude Include="Libraries\Boost\boost\pointee.hpp">
      <Filter>Libraries\Boost</Filter>
    </ClInclude>
    <ClInclude Include="Libraries\Boost\boost\pointer_cast.hpp">
      <Filter>Libraries\Boost</Filter>
    </ClInclude>
    <ClInclude Include="Libraries\Boost\boost\pointer_to_other.hpp">
      <Filter>Libraries\Boost</Filter>
    </ClInclude>
    <ClInclude Include="Libraries\Boost\boost\polymorphic_cast.hpp">
      <Filter>Libraries\Boost</Filter>
    </ClInclude>
    <ClInclude Include="Libraries\Boost\boost\polymorphic_pointer_cast.hpp">
      <Filter>Libraries\Boost</Filter>
    </ClInclude>
    <ClInclude Include="Libraries\Boost\boost\predef.h">
      <Filter>Libraries\Boost</Filter>
    </ClInclude>
    <ClInclude Include="Libraries\Boost\boost\preprocessor.hpp">
      <Filter>Libraries\Boost</Filter>
    </ClInclude>
    <ClInclude Include="Libraries\Boost\boost\program_options.hpp">
      <Filter>Libraries\Boost</Filter>
    </ClInclude>
    <ClInclude Include="Libraries\Boost\boost\progress.hpp">
      <Filter>Libraries\Boost</Filter>
    </ClInclude>
    <ClInclude Include="Libraries\Boost\boost\python.hpp">
      <Filter>Libraries\Boost</Filter>
    </ClInclude>
    <ClInclude Include="Libraries\Boost\boost\random.hpp">
      <Filter>Libraries\Boost</Filter>
    </ClInclude>
    <ClInclude Include="Libraries\Boost\boost\range.hpp">
      <Filter>Libraries\Boost</Filter>
    </ClInclude>
    <ClInclude Include="Libraries\Boost\boost\ratio.hpp">
      <Filter>Libraries\Boost</Filter>
    </ClInclude>
    <ClInclude Include="Libraries\Boost\boost\rational.hpp">
      <Filter>Libraries\Boost</Filter>
    </ClInclude>
    <ClInclude Include="Libraries\Boost\boost\ref.hpp">
      <Filter>Libraries\Boost</Filter>
    </ClInclude>
    <ClInclude Include="Libraries\Boost\boost\regex.h">
      <Filter>Libraries\Boost</Filter>
    </ClInclude>
    <ClInclude Include="Libraries\Boost\boost\regex.hpp">
      <Filter>Libraries\Boost</Filter>
    </ClInclude>
    <ClInclude Include="Libraries\Boost\boost\regex_fwd.hpp">
      <Filter>Libraries\Boost</Filter>
    </ClInclude>
    <ClInclude Include="Libraries\Boost\boost\scope_exit.hpp">
      <Filter>Libraries\Boost</Filter>
    </ClInclude>
    <ClInclude Include="Libraries\Boost\boost\scoped_array.hpp">
      <Filter>Libraries\Boost</Filter>
    </ClInclude>
    <ClInclude Include="Libraries\Boost\boost\scoped_ptr.hpp">
      <Filter>Libraries\Boost</Filter>
    </ClInclude>
    <ClInclude Include="Libraries\Boost\boost\shared_array.hpp">
      <Filter>Libraries\Boost</Filter>
    </ClInclude>
    <ClInclude Include="Libraries\Boost\boost\shared_container_iterator.hpp">
      <Filter>Libraries\Boost</Filter>
    </ClInclude>
    <ClInclude Include="Libraries\Boost\boost\shared_ptr.hpp">
      <Filter>Libraries\Boost</Filter>
    </ClInclude>
    <ClInclude Include="Libraries\Boost\boost\signal.hpp">
      <Filter>Libraries\Boost</Filter>
    </ClInclude>
    <ClInclude Include="Libraries\Boost\boost\signals.hpp">
      <Filter>Libraries\Boost</Filter>
    </ClInclude>
    <ClInclude Include="Libraries\Boost\boost\signals2.hpp">
      <Filter>Libraries\Boost</Filter>
    </ClInclude>
    <ClInclude Include="Libraries\Boost\boost\smart_ptr.hpp">
      <Filter>Libraries\Boost</Filter>
    </ClInclude>
    <ClInclude Include="Libraries\Boost\boost\spirit.hpp">
      <Filter>Libraries\Boost</Filter>
    </ClInclude>
    <ClInclude Include="Libraries\Boost\boost\static_assert.hpp">
      <Filter>Libraries\Boost</Filter>
    </ClInclude>
    <ClInclude Include="Libraries\Boost\boost\swap.hpp">
      <Filter>Libraries\Boost</Filter>
    </ClInclude>
    <ClInclude Include="Libraries\Boost\boost\thread.hpp">
      <Filter>Libraries\Boost</Filter>
    </ClInclude>
    <ClInclude Include="Libraries\Boost\boost\throw_exception.hpp">
      <Filter>Libraries\Boost</Filter>
    </ClInclude>
    <ClInclude Include="Libraries\Boost\boost\timer.hpp">
      <Filter>Libraries\Boost</Filter>
    </ClInclude>
    <ClInclude Include="Libraries\Boost\boost\token_functions.hpp">
      <Filter>Libraries\Boost</Filter>
    </ClInclude>
    <ClInclude Include="Libraries\Boost\boost\token_iterator.hpp">
      <Filter>Libraries\Boost</Filter>
    </ClInclude>
    <ClInclude Include="Libraries\Boost\boost\tokenizer.hpp">
      <Filter>Libraries\Boost</Filter>
    </ClInclude>
    <ClInclude Include="Libraries\Boost\boost\type.hpp">
      <Filter>Libraries\Boost</Filter>
    </ClInclude>
    <ClInclude Include="Libraries\Boost\boost\type_index.hpp">
      <Filter>Libraries\Boost</Filter>
    </ClInclude>
    <ClInclude Include="Libraries\Boost\boost\type_traits.hpp">
      <Filter>Libraries\Boost</Filter>
    </ClInclude>
    <ClInclude Include="Libraries\Boost\boost\unordered_map.hpp">
      <Filter>Libraries\Boost</Filter>
    </ClInclude>
    <ClInclude Include="Libraries\Boost\boost\unordered_set.hpp">
      <Filter>Libraries\Boost</Filter>
    </ClInclude>
    <ClInclude Include="Libraries\Boost\boost\utility.hpp">
      <Filter>Libraries\Boost</Filter>
    </ClInclude>
    <ClInclude Include="Libraries\Boost\boost\variant.hpp">
      <Filter>Libraries\Boost</Filter>
    </ClInclude>
    <ClInclude Include="Libraries\Boost\boost\version.hpp">
      <Filter>Libraries\Boost</Filter>
    </ClInclude>
    <ClInclude Include="Libraries\Boost\boost\visit_each.hpp">
      <Filter>Libraries\Boost</Filter>
    </ClInclude>
    <ClInclude Include="Libraries\Boost\boost\wave.hpp">
      <Filter>Libraries\Boost</Filter>
    </ClInclude>
    <ClInclude Include="Libraries\Boost\boost\weak_ptr.hpp">
      <Filter>Libraries\Boost</Filter>
    </ClInclude>
  </ItemGroup>
  <ItemGroup>
    <None Include="Colour.vs">
      <Filter>Source Files\Shaders</Filter>
    </None>
    <None Include="Colour.ps">
      <Filter>Source Files\Shaders</Filter>
    </None>
    <None Include="Texture.vs">
      <Filter>Source Files\Shaders</Filter>
    </None>
    <None Include="Texture.ps">
      <Filter>Source Files\Shaders</Filter>
    </None>
    <None Include="Libraries\assimp\code\BlenderDNA.inl">
      <Filter>Libraries\Assimp</Filter>
    </None>
    <None Include="Libraries\assimp\code\makefile.mingw">
      <Filter>Libraries\Assimp</Filter>
    </None>
    <None Include="Libraries\assimp\code\SmoothingGroups.inl">
      <Filter>Libraries\Assimp</Filter>
    </None>
  </ItemGroup>
  <ItemGroup>
    <Text Include="Libraries\assimp\code\CMakeLists.txt">
      <Filter>Libraries\Assimp</Filter>
    </Text>
  </ItemGroup>
</Project>